// !$*UTF8*$!
{
	archiveVersion = 1;
	classes = {
	};
	objectVersion = 46;
	objects = {

/* Begin PBXBuildFile section */
		4FA325E714C08AD700A161CD /* Categories.m in Sources */ = {isa = PBXBuildFile; fileRef = 4FA325E614C08AD700A161CD /* Categories.m */; };
		4FA325EA14C113DB00A161CD /* scene1atlas.plist in Resources */ = {isa = PBXBuildFile; fileRef = 4FA325E814C113DB00A161CD /* scene1atlas.plist */; };
		4FA325EB14C113DB00A161CD /* scene1atlas.pvr.ccz in Resources */ = {isa = PBXBuildFile; fileRef = 4FA325E914C113DB00A161CD /* scene1atlas.pvr.ccz */; };
		4FAADC2514BC5E5A00A8123E /* QuartzCore.framework in Frameworks */ = {isa = PBXBuildFile; fileRef = 4FAADC2414BC5E5A00A8123E /* QuartzCore.framework */; };
		4FAADC2714BC5E5A00A8123E /* OpenGLES.framework in Frameworks */ = {isa = PBXBuildFile; fileRef = 4FAADC2614BC5E5A00A8123E /* OpenGLES.framework */; };
		4FAADC2914BC5E5A00A8123E /* OpenAL.framework in Frameworks */ = {isa = PBXBuildFile; fileRef = 4FAADC2814BC5E5A00A8123E /* OpenAL.framework */; };
		4FAADC2B14BC5E5A00A8123E /* AudioToolbox.framework in Frameworks */ = {isa = PBXBuildFile; fileRef = 4FAADC2A14BC5E5A00A8123E /* AudioToolbox.framework */; };
		4FAADC2D14BC5E5A00A8123E /* AVFoundation.framework in Frameworks */ = {isa = PBXBuildFile; fileRef = 4FAADC2C14BC5E5A00A8123E /* AVFoundation.framework */; };
		4FAADC2F14BC5E5A00A8123E /* UIKit.framework in Frameworks */ = {isa = PBXBuildFile; fileRef = 4FAADC2E14BC5E5A00A8123E /* UIKit.framework */; };
		4FAADC3114BC5E5A00A8123E /* Foundation.framework in Frameworks */ = {isa = PBXBuildFile; fileRef = 4FAADC3014BC5E5A00A8123E /* Foundation.framework */; };
		4FAADC3314BC5E5A00A8123E /* CoreGraphics.framework in Frameworks */ = {isa = PBXBuildFile; fileRef = 4FAADC3214BC5E5A00A8123E /* CoreGraphics.framework */; };
		4FAADC3514BC5E5A00A8123E /* GameKit.framework in Frameworks */ = {isa = PBXBuildFile; fileRef = 4FAADC3414BC5E5A00A8123E /* GameKit.framework */; };
		4FAADC3B14BC5E5A00A8123E /* fps_images.png in Resources */ = {isa = PBXBuildFile; fileRef = 4FAADC3A14BC5E5A00A8123E /* fps_images.png */; };
		4FAADC4C14BC5E5A00A8123E /* iTunesArtwork in Resources */ = {isa = PBXBuildFile; fileRef = 4FAADC4B14BC5E5A00A8123E /* iTunesArtwork */; };
		4FAADC4F14BC5E5A00A8123E /* Blur.fsh in Resources */ = {isa = PBXBuildFile; fileRef = 4FAADC4E14BC5E5A00A8123E /* Blur.fsh */; };
		4FAADC5114BC5E5A00A8123E /* Flower.fsh in Resources */ = {isa = PBXBuildFile; fileRef = 4FAADC5014BC5E5A00A8123E /* Flower.fsh */; };
		4FAADC5314BC5E5A00A8123E /* Flower.vsh in Resources */ = {isa = PBXBuildFile; fileRef = 4FAADC5214BC5E5A00A8123E /* Flower.vsh */; };
		4FAADC5514BC5E5A00A8123E /* Heart.fsh in Resources */ = {isa = PBXBuildFile; fileRef = 4FAADC5414BC5E5A00A8123E /* Heart.fsh */; };
		4FAADC5714BC5E5A00A8123E /* Heart.vsh in Resources */ = {isa = PBXBuildFile; fileRef = 4FAADC5614BC5E5A00A8123E /* Heart.vsh */; };
		4FAADC5914BC5E5A00A8123E /* Julia.fsh in Resources */ = {isa = PBXBuildFile; fileRef = 4FAADC5814BC5E5A00A8123E /* Julia.fsh */; };
		4FAADC5B14BC5E5A00A8123E /* Julia.vsh in Resources */ = {isa = PBXBuildFile; fileRef = 4FAADC5A14BC5E5A00A8123E /* Julia.vsh */; };
		4FAADC5D14BC5E5A00A8123E /* Mandelbrot.fsh in Resources */ = {isa = PBXBuildFile; fileRef = 4FAADC5C14BC5E5A00A8123E /* Mandelbrot.fsh */; };
		4FAADC5F14BC5E5A00A8123E /* Mandelbrot.vsh in Resources */ = {isa = PBXBuildFile; fileRef = 4FAADC5E14BC5E5A00A8123E /* Mandelbrot.vsh */; };
		4FAADC6114BC5E5A00A8123E /* Monjori.fsh in Resources */ = {isa = PBXBuildFile; fileRef = 4FAADC6014BC5E5A00A8123E /* Monjori.fsh */; };
		4FAADC6314BC5E5A00A8123E /* Monjori.vsh in Resources */ = {isa = PBXBuildFile; fileRef = 4FAADC6214BC5E5A00A8123E /* Monjori.vsh */; };
		4FAADC6514BC5E5A00A8123E /* Plasma.fsh in Resources */ = {isa = PBXBuildFile; fileRef = 4FAADC6414BC5E5A00A8123E /* Plasma.fsh */; };
		4FAADC6714BC5E5A00A8123E /* Plasma.vsh in Resources */ = {isa = PBXBuildFile; fileRef = 4FAADC6614BC5E5A00A8123E /* Plasma.vsh */; };
		4FAADC6914BC5E5A00A8123E /* Position_uColor.fsh in Resources */ = {isa = PBXBuildFile; fileRef = 4FAADC6814BC5E5A00A8123E /* Position_uColor.fsh */; };
		4FAADC6B14BC5E5A00A8123E /* Position_uColor.vsh in Resources */ = {isa = PBXBuildFile; fileRef = 4FAADC6A14BC5E5A00A8123E /* Position_uColor.vsh */; };
		4FAADC6D14BC5E5A00A8123E /* PositionColor.fsh in Resources */ = {isa = PBXBuildFile; fileRef = 4FAADC6C14BC5E5A00A8123E /* PositionColor.fsh */; };
		4FAADC6F14BC5E5A00A8123E /* PositionColor.vsh in Resources */ = {isa = PBXBuildFile; fileRef = 4FAADC6E14BC5E5A00A8123E /* PositionColor.vsh */; };
		4FAADC7114BC5E5A00A8123E /* PositionTexture.fsh in Resources */ = {isa = PBXBuildFile; fileRef = 4FAADC7014BC5E5A00A8123E /* PositionTexture.fsh */; };
		4FAADC7314BC5E5A00A8123E /* PositionTexture.vsh in Resources */ = {isa = PBXBuildFile; fileRef = 4FAADC7214BC5E5A00A8123E /* PositionTexture.vsh */; };
		4FAADC7514BC5E5A00A8123E /* PositionTexture_uColor.fsh in Resources */ = {isa = PBXBuildFile; fileRef = 4FAADC7414BC5E5A00A8123E /* PositionTexture_uColor.fsh */; };
		4FAADC7714BC5E5A00A8123E /* PositionTexture_uColor.vsh in Resources */ = {isa = PBXBuildFile; fileRef = 4FAADC7614BC5E5A00A8123E /* PositionTexture_uColor.vsh */; };
		4FAADC7914BC5E5A00A8123E /* PositionTextureA8Color.fsh in Resources */ = {isa = PBXBuildFile; fileRef = 4FAADC7814BC5E5A00A8123E /* PositionTextureA8Color.fsh */; };
		4FAADC7B14BC5E5A00A8123E /* PositionTextureA8Color.vsh in Resources */ = {isa = PBXBuildFile; fileRef = 4FAADC7A14BC5E5A00A8123E /* PositionTextureA8Color.vsh */; };
		4FAADC7D14BC5E5A00A8123E /* PositionTextureColor.fsh in Resources */ = {isa = PBXBuildFile; fileRef = 4FAADC7C14BC5E5A00A8123E /* PositionTextureColor.fsh */; };
		4FAADC7F14BC5E5A00A8123E /* PositionTextureColor.vsh in Resources */ = {isa = PBXBuildFile; fileRef = 4FAADC7E14BC5E5A00A8123E /* PositionTextureColor.vsh */; };
		4FAADC8114BC5E5A00A8123E /* Twist.fsh in Resources */ = {isa = PBXBuildFile; fileRef = 4FAADC8014BC5E5A00A8123E /* Twist.fsh */; };
		4FAADC8314BC5E5A00A8123E /* Twist.vsh in Resources */ = {isa = PBXBuildFile; fileRef = 4FAADC8214BC5E5A00A8123E /* Twist.vsh */; };
		4FAADDC214BC5E5D00A8123E /* main.m in Sources */ = {isa = PBXBuildFile; fileRef = 4FAADDC114BC5E5D00A8123E /* main.m */; };
		4FAADDC514BC5E5D00A8123E /* AppDelegate.m in Sources */ = {isa = PBXBuildFile; fileRef = 4FAADDC414BC5E5D00A8123E /* AppDelegate.m */; };
		4FAADEB114BC5F8F00A8123E /* libcocos2d.a in Frameworks */ = {isa = PBXBuildFile; fileRef = 4FAADE4614BC5EBE00A8123E /* libcocos2d.a */; };
		4FAADEB214BC5F8F00A8123E /* libkazmath.a in Frameworks */ = {isa = PBXBuildFile; fileRef = 4FAADE4C14BC5EBE00A8123E /* libkazmath.a */; };
		4FAADF2614BC657300A8123E /* dog_animation.plist in Resources */ = {isa = PBXBuildFile; fileRef = 4FAADF2514BC657300A8123E /* dog_animation.plist */; };
		4FAADF5814BC699600A8123E /* Default-Landscape.png in Resources */ = {isa = PBXBuildFile; fileRef = 4FAADF3E14BC699600A8123E /* Default-Landscape.png */; };
		4FAADF5914BC699600A8123E /* Default-LandscapeLeft.png in Resources */ = {isa = PBXBuildFile; fileRef = 4FAADF3F14BC699600A8123E /* Default-LandscapeLeft.png */; };
		4FAADF5A14BC699600A8123E /* Default-LandscapeRight.png in Resources */ = {isa = PBXBuildFile; fileRef = 4FAADF4014BC699600A8123E /* Default-LandscapeRight.png */; };
		4FAADF5B14BC699600A8123E /* Default-Portrait.png in Resources */ = {isa = PBXBuildFile; fileRef = 4FAADF4114BC699600A8123E /* Default-Portrait.png */; };
		4FAADF5C14BC699600A8123E /* Default-PortraitUpsideDown.png in Resources */ = {isa = PBXBuildFile; fileRef = 4FAADF4214BC699600A8123E /* Default-PortraitUpsideDown.png */; };
		4FAADF5D14BC699600A8123E /* Default.png in Resources */ = {isa = PBXBuildFile; fileRef = 4FAADF4314BC699600A8123E /* Default.png */; };
		4FAADF5E14BC699600A8123E /* Default@2x.png in Resources */ = {isa = PBXBuildFile; fileRef = 4FAADF4414BC699600A8123E /* Default@2x.png */; };
		4FAADF6214BC699600A8123E /* firstlevel.tmx in Resources */ = {isa = PBXBuildFile; fileRef = 4FAADF4C14BC699600A8123E /* firstlevel.tmx */; };
		4FAADF6314BC699600A8123E /* Icon-72.png in Resources */ = {isa = PBXBuildFile; fileRef = 4FAADF4E14BC699600A8123E /* Icon-72.png */; };
		4FAADF6414BC699600A8123E /* Icon-Small-50.png in Resources */ = {isa = PBXBuildFile; fileRef = 4FAADF4F14BC699600A8123E /* Icon-Small-50.png */; };
		4FAADF6514BC699600A8123E /* Icon-Small.png in Resources */ = {isa = PBXBuildFile; fileRef = 4FAADF5014BC699600A8123E /* Icon-Small.png */; };
		4FAADF6614BC699600A8123E /* Icon-Small@2x.png in Resources */ = {isa = PBXBuildFile; fileRef = 4FAADF5114BC699600A8123E /* Icon-Small@2x.png */; };
		4FAADF6714BC699600A8123E /* icon.png in Resources */ = {isa = PBXBuildFile; fileRef = 4FAADF5214BC699600A8123E /* icon.png */; };
		4FAADF6814BC699600A8123E /* icon@2x.png in Resources */ = {isa = PBXBuildFile; fileRef = 4FAADF5314BC699600A8123E /* icon@2x.png */; };
		4FAADF6914BC699600A8123E /* mapset3.png in Resources */ = {isa = PBXBuildFile; fileRef = 4FAADF5414BC699600A8123E /* mapset3.png */; };
		4FAADF7B14BC6CC700A8123E /* GameObject.m in Sources */ = {isa = PBXBuildFile; fileRef = 4FAADF7514BC6CC700A8123E /* GameObject.m */; };
		4FAADF7C14BC6CC700A8123E /* GameStaticObj.m in Sources */ = {isa = PBXBuildFile; fileRef = 4FAADF7714BC6CC700A8123E /* GameStaticObj.m */; };
		4FAADF8214BC6D1200A8123E /* FiniteStateMachine.m in Sources */ = {isa = PBXBuildFile; fileRef = 4FAADF7F14BC6D1100A8123E /* FiniteStateMachine.m */; };
		4FAADF8314BC6D1200A8123E /* StateBase.m in Sources */ = {isa = PBXBuildFile; fileRef = 4FAADF8114BC6D1100A8123E /* StateBase.m */; };
		4FAADF8614BC6D9800A8123E /* GameScene.m in Sources */ = {isa = PBXBuildFile; fileRef = 4FAADF8514BC6D9800A8123E /* GameScene.m */; };
		4FAADF8914BC6DD800A8123E /* GameplayLayer.m in Sources */ = {isa = PBXBuildFile; fileRef = 4FAADF8814BC6DD800A8123E /* GameplayLayer.m */; };
		4FAAE15114BDE11A00A8123E /* SpawnPoint.m in Sources */ = {isa = PBXBuildFile; fileRef = 4FAAE15014BDE11A00A8123E /* SpawnPoint.m */; };
		4FC1571714D81E5B009B27EC /* Localizable.strings in Resources */ = {isa = PBXBuildFile; fileRef = 4FC1571914D81E5B009B27EC /* Localizable.strings */; };
		4FC1571C14D8206B009B27EC /* MainStoryboard.storyboard in Resources */ = {isa = PBXBuildFile; fileRef = 4FC1571E14D8206B009B27EC /* MainStoryboard.storyboard */; };
		4FC1572314D821D0009B27EC /* InfoPlist.strings in Resources */ = {isa = PBXBuildFile; fileRef = 4FC1572514D821D0009B27EC /* InfoPlist.strings */; };
		4FF458DF14E2CFA000999B95 /* dg_iso32.png in Resources */ = {isa = PBXBuildFile; fileRef = 4FF458DD14E2CF9F00999B95 /* dg_iso32.png */; };
		4FF458E014E2CFA000999B95 /* isometric-with-border.tmx in Resources */ = {isa = PBXBuildFile; fileRef = 4FF458DE14E2CFA000999B95 /* isometric-with-border.tmx */; };
		4FF458E314E2D2D600999B95 /* LoadScene.m in Sources */ = {isa = PBXBuildFile; fileRef = 4FF458E214E2D2D600999B95 /* LoadScene.m */; };
		4FF76CCB14DD61FA00AA530A /* UserInterfaceLayer.m in Sources */ = {isa = PBXBuildFile; fileRef = 4FF76CCA14DD61FA00AA530A /* UserInterfaceLayer.m */; };
		4FF76CCE14DF53AB00AA530A /* Customer.m in Sources */ = {isa = PBXBuildFile; fileRef = 4FF76CCD14DF53AB00AA530A /* Customer.m */; };
		4FF76CD114DF544100AA530A /* Shelf.m in Sources */ = {isa = PBXBuildFile; fileRef = 4FF76CD014DF544100AA530A /* Shelf.m */; };
		4FF76CD414DF556A00AA530A /* GoodsComponent.m in Sources */ = {isa = PBXBuildFile; fileRef = 4FF76CD314DF556A00AA530A /* GoodsComponent.m */; };
		971A00A214ECB46F00155F35 /* MovementComponent.m in Sources */ = {isa = PBXBuildFile; fileRef = 971A00A114ECB46F00155F35 /* MovementComponent.m */; };
		97A658D314EB77D400575E9E /* PositionTextureColorAlphaTest.fsh in Resources */ = {isa = PBXBuildFile; fileRef = 97A658D114EB777100575E9E /* PositionTextureColorAlphaTest.fsh */; };
		97D7BE6114BD69CD00934812 /* fps_images-hd.png in Resources */ = {isa = PBXBuildFile; fileRef = 97D7BE6014BD69CD00934812 /* fps_images-hd.png */; };
/* End PBXBuildFile section */

/* Begin PBXContainerItemProxy section */
		4FAADE3F14BC5EBE00A8123E /* PBXContainerItemProxy */ = {
			isa = PBXContainerItemProxy;
			containerPortal = 4FAADDD314BC5EBB00A8123E /* cocos2d-ios.xcodeproj */;
			proxyType = 2;
			remoteGlobalIDString = 509807081175041800EA7266;
			remoteInfo = "build all tests";
		};
		4FAADE4114BC5EBE00A8123E /* PBXContainerItemProxy */ = {
			isa = PBXContainerItemProxy;
			containerPortal = 4FAADDD314BC5EBB00A8123E /* cocos2d-ios.xcodeproj */;
			proxyType = 2;
			remoteGlobalIDString = 504225700FC0B39C00B992F7;
			remoteInfo = box2d;
		};
		4FAADE4314BC5EBE00A8123E /* PBXContainerItemProxy */ = {
			isa = PBXContainerItemProxy;
			containerPortal = 4FAADDD314BC5EBB00A8123E /* cocos2d-ios.xcodeproj */;
			proxyType = 2;
			remoteGlobalIDString = 50B2C4D10E100AEA00AE9530;
			remoteInfo = Chipmunk;
		};
		4FAADE4514BC5EBE00A8123E /* PBXContainerItemProxy */ = {
			isa = PBXContainerItemProxy;
			containerPortal = 4FAADDD314BC5EBB00A8123E /* cocos2d-ios.xcodeproj */;
			proxyType = 2;
			remoteGlobalIDString = 5018F24D0DFDEAC400C013A5;
			remoteInfo = cocos2d;
		};
		4FAADE4714BC5EBE00A8123E /* PBXContainerItemProxy */ = {
			isa = PBXContainerItemProxy;
			containerPortal = 4FAADDD314BC5EBB00A8123E /* cocos2d-ios.xcodeproj */;
			proxyType = 2;
			remoteGlobalIDString = 502C65EE0DFEF3DD00E4107D;
			remoteInfo = "cocos2d-documentation";
		};
		4FAADE4914BC5EBE00A8123E /* PBXContainerItemProxy */ = {
			isa = PBXContainerItemProxy;
			containerPortal = 4FAADDD314BC5EBB00A8123E /* cocos2d-ios.xcodeproj */;
			proxyType = 2;
			remoteGlobalIDString = 50CB2FCA1004C8B100B7A750;
			remoteInfo = CocosDenshion;
		};
		4FAADE4B14BC5EBE00A8123E /* PBXContainerItemProxy */ = {
			isa = PBXContainerItemProxy;
			containerPortal = 4FAADDD314BC5EBB00A8123E /* cocos2d-ios.xcodeproj */;
			proxyType = 2;
			remoteGlobalIDString = A04A1FEB13B826B300ABAFB7;
			remoteInfo = kazmath;
		};
		4FAADE4D14BC5EBE00A8123E /* PBXContainerItemProxy */ = {
			isa = PBXContainerItemProxy;
			containerPortal = 4FAADDD314BC5EBB00A8123E /* cocos2d-ios.xcodeproj */;
			proxyType = 2;
			remoteGlobalIDString = 503164CD10277665003ACFE7;
			remoteInfo = libpng;
		};
		4FAADE4F14BC5EBE00A8123E /* PBXContainerItemProxy */ = {
			isa = PBXContainerItemProxy;
			containerPortal = 4FAADDD314BC5EBB00A8123E /* cocos2d-ios.xcodeproj */;
			proxyType = 2;
			remoteGlobalIDString = 504CC32F1035BDE90096894C;
			remoteInfo = ActionManagerTest;
		};
		4FAADE5114BC5EBE00A8123E /* PBXContainerItemProxy */ = {
			isa = PBXContainerItemProxy;
			containerPortal = 4FAADDD314BC5EBB00A8123E /* cocos2d-ios.xcodeproj */;
			proxyType = 2;
			remoteGlobalIDString = 50C93AAD0E0BF6E000517B01;
			remoteInfo = ActionsTest;
		};
		4FAADE5314BC5EBE00A8123E /* PBXContainerItemProxy */ = {
			isa = PBXContainerItemProxy;
			containerPortal = 4FAADDD314BC5EBB00A8123E /* cocos2d-ios.xcodeproj */;
			proxyType = 2;
			remoteGlobalIDString = 05CA7B0410ED674700F12774;
			remoteInfo = ActionsWithBlocksSample;
		};
		4FAADE5514BC5EBE00A8123E /* PBXContainerItemProxy */ = {
			isa = PBXContainerItemProxy;
			containerPortal = 4FAADDD314BC5EBB00A8123E /* cocos2d-ios.xcodeproj */;
			proxyType = 2;
			remoteGlobalIDString = 504828800F45AED700A30CEF;
			remoteInfo = AttachTest;
		};
		4FAADE5714BC5EBE00A8123E /* PBXContainerItemProxy */ = {
			isa = PBXContainerItemProxy;
			containerPortal = 4FAADDD314BC5EBB00A8123E /* cocos2d-ios.xcodeproj */;
			proxyType = 2;
			remoteGlobalIDString = 5042262E0FC0B5D500B992F7;
			remoteInfo = Box2dAccelTouchTest;
		};
		4FAADE5914BC5EBE00A8123E /* PBXContainerItemProxy */ = {
			isa = PBXContainerItemProxy;
			containerPortal = 4FAADDD314BC5EBB00A8123E /* cocos2d-ios.xcodeproj */;
			proxyType = 2;
			remoteGlobalIDString = 50010ED2103B3DB80059EC2E;
			remoteInfo = Box2dTestBed;
		};
		4FAADE5B14BC5EBE00A8123E /* PBXContainerItemProxy */ = {
			isa = PBXContainerItemProxy;
			containerPortal = 4FAADDD314BC5EBB00A8123E /* cocos2d-ios.xcodeproj */;
			proxyType = 2;
			remoteGlobalIDString = 50B2C5E80E100EF000AE9530;
			remoteInfo = ChipmunkAccelTouchTest;
		};
		4FAADE5D14BC5EBE00A8123E /* PBXContainerItemProxy */ = {
			isa = PBXContainerItemProxy;
			containerPortal = 4FAADDD314BC5EBB00A8123E /* cocos2d-ios.xcodeproj */;
			proxyType = 2;
			remoteGlobalIDString = 506C77E20E01520900B48100;
			remoteInfo = ClickAndMoveTest;
		};
		4FAADE5F14BC5EBE00A8123E /* PBXContainerItemProxy */ = {
			isa = PBXContainerItemProxy;
			containerPortal = 4FAADDD314BC5EBB00A8123E /* cocos2d-ios.xcodeproj */;
			proxyType = 2;
			remoteGlobalIDString = 505224F911B3D4700061670F;
			remoteInfo = "CocosDenshion - Tom The Turret";
		};
		4FAADE6114BC5EBE00A8123E /* PBXContainerItemProxy */ = {
			isa = PBXContainerItemProxy;
			containerPortal = 4FAADDD314BC5EBB00A8123E /* cocos2d-ios.xcodeproj */;
			proxyType = 2;
			remoteGlobalIDString = 505228BA11B3DBB90061670F;
			remoteInfo = "CocosDenshion - Drum Pad";
		};
		4FAADE6314BC5EBE00A8123E /* PBXContainerItemProxy */ = {
			isa = PBXContainerItemProxy;
			containerPortal = 4FAADDD314BC5EBB00A8123E /* cocos2d-ios.xcodeproj */;
			proxyType = 2;
			remoteGlobalIDString = 5052293C11B3DCD80061670F;
			remoteInfo = "CocosDenshion - Fade To Grey";
		};
		4FAADE6514BC5EBE00A8123E /* PBXContainerItemProxy */ = {
			isa = PBXContainerItemProxy;
			containerPortal = 4FAADDD314BC5EBB00A8123E /* cocos2d-ios.xcodeproj */;
			proxyType = 2;
			remoteGlobalIDString = 5052296E11B3DCE90061670F;
			remoteInfo = "CocosDenshion - FancyRat Metering";
		};
		4FAADE6714BC5EBE00A8123E /* PBXContainerItemProxy */ = {
			isa = PBXContainerItemProxy;
			containerPortal = 4FAADDD314BC5EBB00A8123E /* cocos2d-ios.xcodeproj */;
			proxyType = 2;
			remoteGlobalIDString = A01AB91A149709E300C93DB6;
			remoteInfo = DirectorTest;
		};
		4FAADE6914BC5EBE00A8123E /* PBXContainerItemProxy */ = {
			isa = PBXContainerItemProxy;
			containerPortal = 4FAADDD314BC5EBB00A8123E /* cocos2d-ios.xcodeproj */;
			proxyType = 2;
			remoteGlobalIDString = 501945740F964C620059CE7C;
			remoteInfo = drawPrimitivesTest;
		};
		4FAADE6B14BC5EBE00A8123E /* PBXContainerItemProxy */ = {
			isa = PBXContainerItemProxy;
			containerPortal = 4FAADDD314BC5EBB00A8123E /* cocos2d-ios.xcodeproj */;
			proxyType = 2;
			remoteGlobalIDString = 504E17DC11C4C7E100E19835;
			remoteInfo = EAGLViewTest;
		};
		4FAADE6D14BC5EBE00A8123E /* PBXContainerItemProxy */ = {
			isa = PBXContainerItemProxy;
			containerPortal = 4FAADDD314BC5EBB00A8123E /* cocos2d-ios.xcodeproj */;
			proxyType = 2;
			remoteGlobalIDString = 505B63A30F2F4210001B4104;
			remoteInfo = ActionsEaseTest;
		};
		4FAADE6F14BC5EBE00A8123E /* PBXContainerItemProxy */ = {
			isa = PBXContainerItemProxy;
			containerPortal = 4FAADDD314BC5EBB00A8123E /* cocos2d-ios.xcodeproj */;
			proxyType = 2;
			remoteGlobalIDString = 50A24E440F377FA1007CAEB0;
			remoteInfo = EffectsTest;
		};
		4FAADE7114BC5EBE00A8123E /* PBXContainerItemProxy */ = {
			isa = PBXContainerItemProxy;
			containerPortal = 4FAADDD314BC5EBB00A8123E /* cocos2d-ios.xcodeproj */;
			proxyType = 2;
			remoteGlobalIDString = 50D56FD20F3FABEC007CD6B9;
			remoteInfo = EffectsAdvancedTest;
		};
		4FAADE7314BC5EBE00A8123E /* PBXContainerItemProxy */ = {
			isa = PBXContainerItemProxy;
			containerPortal = 4FAADDD314BC5EBB00A8123E /* cocos2d-ios.xcodeproj */;
			proxyType = 2;
			remoteGlobalIDString = DAABAA9A1059A42E00794EB3;
			remoteInfo = FontTest;
		};
		4FAADE7514BC5EBE00A8123E /* PBXContainerItemProxy */ = {
			isa = PBXContainerItemProxy;
			containerPortal = 4FAADDD314BC5EBB00A8123E /* cocos2d-ios.xcodeproj */;
			proxyType = 2;
			remoteGlobalIDString = 50C7D4950E5C2ED80035ACA2;
			remoteInfo = IntervalTest;
		};
		4FAADE7714BC5EBE00A8123E /* PBXContainerItemProxy */ = {
			isa = PBXContainerItemProxy;
			containerPortal = 4FAADDD314BC5EBB00A8123E /* cocos2d-ios.xcodeproj */;
			proxyType = 2;
			remoteGlobalIDString = 506882110E95761200F943E5;
			remoteInfo = LabelTest;
		};
		4FAADE7914BC5EBE00A8123E /* PBXContainerItemProxy */ = {
			isa = PBXContainerItemProxy;
			containerPortal = 4FAADDD314BC5EBB00A8123E /* cocos2d-ios.xcodeproj */;
			proxyType = 2;
			remoteGlobalIDString = 504799B1100F6A4200D1C71A;
			remoteInfo = LayerTest;
		};
		4FAADE7B14BC5EBE00A8123E /* PBXContainerItemProxy */ = {
			isa = PBXContainerItemProxy;
			containerPortal = 4FAADDD314BC5EBB00A8123E /* cocos2d-ios.xcodeproj */;
			proxyType = 2;
			remoteGlobalIDString = 506C7A090E01C73A00B48100;
			remoteInfo = MenuTest;
		};
		4FAADE7D14BC5EBE00A8123E /* PBXContainerItemProxy */ = {
			isa = PBXContainerItemProxy;
			containerPortal = 4FAADDD314BC5EBB00A8123E /* cocos2d-ios.xcodeproj */;
			proxyType = 2;
			remoteGlobalIDString = 50A783C40F3AFCE500104C45;
			remoteInfo = MotionStreakTest;
		};
		4FAADE7F14BC5EBE00A8123E /* PBXContainerItemProxy */ = {
			isa = PBXContainerItemProxy;
			containerPortal = 4FAADDD314BC5EBB00A8123E /* cocos2d-ios.xcodeproj */;
			proxyType = 2;
			remoteGlobalIDString = 506144080E589A2E003CCDB7;
			remoteInfo = NodeTest;
		};
		4FAADE8114BC5EBE00A8123E /* PBXContainerItemProxy */ = {
			isa = PBXContainerItemProxy;
			containerPortal = 4FAADDD314BC5EBB00A8123E /* cocos2d-ios.xcodeproj */;
			proxyType = 2;
			remoteGlobalIDString = 50C195600EE4B57E00829067;
			remoteInfo = ParallaxTest;
		};
		4FAADE8314BC5EBE00A8123E /* PBXContainerItemProxy */ = {
			isa = PBXContainerItemProxy;
			containerPortal = 4FAADDD314BC5EBB00A8123E /* cocos2d-ios.xcodeproj */;
			proxyType = 2;
			remoteGlobalIDString = 50DB1BCA0E1C1E5900A89DFF;
			remoteInfo = ParticleTest;
		};
		4FAADE8514BC5EBE00A8123E /* PBXContainerItemProxy */ = {
			isa = PBXContainerItemProxy;
			containerPortal = 4FAADDD314BC5EBB00A8123E /* cocos2d-ios.xcodeproj */;
			proxyType = 2;
			remoteGlobalIDString = 501504ED11330E1700A9CA65;
			remoteInfo = ActionsProgressTest;
		};
		4FAADE8714BC5EBE00A8123E /* PBXContainerItemProxy */ = {
			isa = PBXContainerItemProxy;
			containerPortal = 4FAADDD314BC5EBB00A8123E /* cocos2d-ios.xcodeproj */;
			proxyType = 2;
			remoteGlobalIDString = 495E73F7104B74E20012BB52;
			remoteInfo = RenderTextureTest;
		};
		4FAADE8914BC5EBE00A8123E /* PBXContainerItemProxy */ = {
			isa = PBXContainerItemProxy;
			containerPortal = 4FAADDD314BC5EBB00A8123E /* cocos2d-ios.xcodeproj */;
			proxyType = 2;
			remoteGlobalIDString = 502C66180DFEFCCA00E4107D;
			remoteInfo = RotateWorldTest;
		};
		4FAADE8B14BC5EBE00A8123E /* PBXContainerItemProxy */ = {
			isa = PBXContainerItemProxy;
			containerPortal = 4FAADDD314BC5EBB00A8123E /* cocos2d-ios.xcodeproj */;
			proxyType = 2;
			remoteGlobalIDString = 506C800E0E041C9300B48100;
			remoteInfo = SceneTest;
		};
		4FAADE8D14BC5EBE00A8123E /* PBXContainerItemProxy */ = {
			isa = PBXContainerItemProxy;
			containerPortal = 4FAADDD314BC5EBB00A8123E /* cocos2d-ios.xcodeproj */;
			proxyType = 2;
			remoteGlobalIDString = 508CA7DA1193270F003AC397;
			remoteInfo = SchedulerTest;
		};
		4FAADE8F14BC5EBE00A8123E /* PBXContainerItemProxy */ = {
			isa = PBXContainerItemProxy;
			containerPortal = 4FAADDD314BC5EBB00A8123E /* cocos2d-ios.xcodeproj */;
			proxyType = 2;
			remoteGlobalIDString = E03A4F691355041F00D4B515;
			remoteInfo = ShaderTest;
		};
		4FAADE9114BC5EBE00A8123E /* PBXContainerItemProxy */ = {
			isa = PBXContainerItemProxy;
			containerPortal = 4FAADDD314BC5EBB00A8123E /* cocos2d-ios.xcodeproj */;
			proxyType = 2;
			remoteGlobalIDString = 501C7C910F91EFFF0024A296;
			remoteInfo = SpriteTest;
		};
		4FAADE9314BC5EBE00A8123E /* PBXContainerItemProxy */ = {
			isa = PBXContainerItemProxy;
			containerPortal = 4FAADDD314BC5EBB00A8123E /* cocos2d-ios.xcodeproj */;
			proxyType = 2;
			remoteGlobalIDString = 505B62D60F2E6A0F001B4104;
			remoteInfo = Texture2dTest;
		};
		4FAADE9514BC5EBE00A8123E /* PBXContainerItemProxy */ = {
			isa = PBXContainerItemProxy;
			containerPortal = 4FAADDD314BC5EBB00A8123E /* cocos2d-ios.xcodeproj */;
			proxyType = 2;
			remoteGlobalIDString = 503F5CBE101FE930002A37E5;
			remoteInfo = TileMapTest;
		};
		4FAADE9714BC5EBE00A8123E /* PBXContainerItemProxy */ = {
			isa = PBXContainerItemProxy;
			containerPortal = 4FAADDD314BC5EBB00A8123E /* cocos2d-ios.xcodeproj */;
			proxyType = 2;
			remoteGlobalIDString = 5012DD3B0FE2994300D6DDD1;
			remoteInfo = TouchesTest;
		};
		4FAADE9914BC5EBE00A8123E /* PBXContainerItemProxy */ = {
			isa = PBXContainerItemProxy;
			containerPortal = 4FAADDD314BC5EBB00A8123E /* cocos2d-ios.xcodeproj */;
			proxyType = 2;
			remoteGlobalIDString = 50C938E00E0A9DBB00517B01;
			remoteInfo = TransitionsTest;
		};
		4FAADE9B14BC5EBE00A8123E /* PBXContainerItemProxy */ = {
			isa = PBXContainerItemProxy;
			containerPortal = 4FAADDD314BC5EBB00A8123E /* cocos2d-ios.xcodeproj */;
			proxyType = 2;
			remoteGlobalIDString = E0C5588611FE48E600B9E4CB;
			remoteInfo = ZwoptexTest;
		};
		4FAADE9D14BC5EBE00A8123E /* PBXContainerItemProxy */ = {
			isa = PBXContainerItemProxy;
			containerPortal = 4FAADDD314BC5EBB00A8123E /* cocos2d-ios.xcodeproj */;
			proxyType = 2;
			remoteGlobalIDString = 507FF8F2116D16F600B6FAB2;
			remoteInfo = Bug350;
		};
		4FAADE9F14BC5EBE00A8123E /* PBXContainerItemProxy */ = {
			isa = PBXContainerItemProxy;
			containerPortal = 4FAADDD314BC5EBB00A8123E /* cocos2d-ios.xcodeproj */;
			proxyType = 2;
			remoteGlobalIDString = 50CB34DD100765EF00B7A750;
			remoteInfo = Bug422;
		};
		4FAADEA114BC5EBE00A8123E /* PBXContainerItemProxy */ = {
			isa = PBXContainerItemProxy;
			containerPortal = 4FAADDD314BC5EBB00A8123E /* cocos2d-ios.xcodeproj */;
			proxyType = 2;
			remoteGlobalIDString = E037DA4C1281C7F0003D39D7;
			remoteInfo = Bug458;
		};
		4FAADEA314BC5EBE00A8123E /* PBXContainerItemProxy */ = {
			isa = PBXContainerItemProxy;
			containerPortal = 4FAADDD314BC5EBB00A8123E /* cocos2d-ios.xcodeproj */;
			proxyType = 2;
			remoteGlobalIDString = E02BC2CD1270E489006E46A2;
			remoteInfo = Bug624;
		};
		4FAADEA514BC5EBE00A8123E /* PBXContainerItemProxy */ = {
			isa = PBXContainerItemProxy;
			containerPortal = 4FAADDD314BC5EBB00A8123E /* cocos2d-ios.xcodeproj */;
			proxyType = 2;
			remoteGlobalIDString = 50CBA48711CBD6FB007B009D;
			remoteInfo = Bug886;
		};
		4FAADEA714BC5EBE00A8123E /* PBXContainerItemProxy */ = {
			isa = PBXContainerItemProxy;
			containerPortal = 4FAADDD314BC5EBB00A8123E /* cocos2d-ios.xcodeproj */;
			proxyType = 2;
			remoteGlobalIDString = 507C0F0B11D609290075E747;
			remoteInfo = Bug899;
		};
		4FAADEA914BC5EBE00A8123E /* PBXContainerItemProxy */ = {
			isa = PBXContainerItemProxy;
			containerPortal = 4FAADDD314BC5EBB00A8123E /* cocos2d-ios.xcodeproj */;
			proxyType = 2;
			remoteGlobalIDString = 502BF56911E39CC30030C477;
			remoteInfo = Bug914;
		};
		4FAADEAB14BC5EBE00A8123E /* PBXContainerItemProxy */ = {
			isa = PBXContainerItemProxy;
			containerPortal = 4FAADDD314BC5EBB00A8123E /* cocos2d-ios.xcodeproj */;
			proxyType = 2;
			remoteGlobalIDString = E0EA56A5134B9CA800F212C8;
			remoteInfo = Bug1159;
		};
		4FAADEAD14BC5F8500A8123E /* PBXContainerItemProxy */ = {
			isa = PBXContainerItemProxy;
			containerPortal = 4FAADDD314BC5EBB00A8123E /* cocos2d-ios.xcodeproj */;
			proxyType = 1;
			remoteGlobalIDString = 5018F24C0DFDEAC400C013A5;
			remoteInfo = cocos2d;
		};
		4FAADEAF14BC5F8500A8123E /* PBXContainerItemProxy */ = {
			isa = PBXContainerItemProxy;
			containerPortal = 4FAADDD314BC5EBB00A8123E /* cocos2d-ios.xcodeproj */;
			proxyType = 1;
			remoteGlobalIDString = A04A1FEA13B826B300ABAFB7;
			remoteInfo = kazmath;
		};
		4FAAE07314BDC52200A8123E /* PBXContainerItemProxy */ = {
			isa = PBXContainerItemProxy;
			containerPortal = 4FAADC1714BC5E5A00A8123E /* Project object */;
			proxyType = 1;
			remoteGlobalIDString = 4FAAE06F14BDC46100A8123E;
			remoteInfo = TexturePacker;
		};
/* End PBXContainerItemProxy section */

/* Begin PBXFileReference section */
		4FA325E514C08AD700A161CD /* Categories.h */ = {isa = PBXFileReference; fileEncoding = 4; lastKnownFileType = sourcecode.c.h; path = Categories.h; sourceTree = "<group>"; };
		4FA325E614C08AD700A161CD /* Categories.m */ = {isa = PBXFileReference; fileEncoding = 4; lastKnownFileType = sourcecode.c.objc; path = Categories.m; sourceTree = "<group>"; };
		4FA325E814C113DB00A161CD /* scene1atlas.plist */ = {isa = PBXFileReference; fileEncoding = 4; lastKnownFileType = text.plist.xml; path = scene1atlas.plist; sourceTree = "<group>"; };
		4FA325E914C113DB00A161CD /* scene1atlas.pvr.ccz */ = {isa = PBXFileReference; lastKnownFileType = file; path = scene1atlas.pvr.ccz; sourceTree = "<group>"; };
		4FAADC2014BC5E5A00A8123E /* CVS-Tycoon.app */ = {isa = PBXFileReference; explicitFileType = wrapper.application; includeInIndex = 0; path = "CVS-Tycoon.app"; sourceTree = BUILT_PRODUCTS_DIR; };
		4FAADC2414BC5E5A00A8123E /* QuartzCore.framework */ = {isa = PBXFileReference; lastKnownFileType = wrapper.framework; name = QuartzCore.framework; path = System/Library/Frameworks/QuartzCore.framework; sourceTree = SDKROOT; };
		4FAADC2614BC5E5A00A8123E /* OpenGLES.framework */ = {isa = PBXFileReference; lastKnownFileType = wrapper.framework; name = OpenGLES.framework; path = System/Library/Frameworks/OpenGLES.framework; sourceTree = SDKROOT; };
		4FAADC2814BC5E5A00A8123E /* OpenAL.framework */ = {isa = PBXFileReference; lastKnownFileType = wrapper.framework; name = OpenAL.framework; path = System/Library/Frameworks/OpenAL.framework; sourceTree = SDKROOT; };
		4FAADC2A14BC5E5A00A8123E /* AudioToolbox.framework */ = {isa = PBXFileReference; lastKnownFileType = wrapper.framework; name = AudioToolbox.framework; path = System/Library/Frameworks/AudioToolbox.framework; sourceTree = SDKROOT; };
		4FAADC2C14BC5E5A00A8123E /* AVFoundation.framework */ = {isa = PBXFileReference; lastKnownFileType = wrapper.framework; name = AVFoundation.framework; path = System/Library/Frameworks/AVFoundation.framework; sourceTree = SDKROOT; };
		4FAADC2E14BC5E5A00A8123E /* UIKit.framework */ = {isa = PBXFileReference; lastKnownFileType = wrapper.framework; name = UIKit.framework; path = System/Library/Frameworks/UIKit.framework; sourceTree = SDKROOT; };
		4FAADC3014BC5E5A00A8123E /* Foundation.framework */ = {isa = PBXFileReference; lastKnownFileType = wrapper.framework; name = Foundation.framework; path = System/Library/Frameworks/Foundation.framework; sourceTree = SDKROOT; };
		4FAADC3214BC5E5A00A8123E /* CoreGraphics.framework */ = {isa = PBXFileReference; lastKnownFileType = wrapper.framework; name = CoreGraphics.framework; path = System/Library/Frameworks/CoreGraphics.framework; sourceTree = SDKROOT; };
		4FAADC3414BC5E5A00A8123E /* GameKit.framework */ = {isa = PBXFileReference; lastKnownFileType = wrapper.framework; name = GameKit.framework; path = System/Library/Frameworks/GameKit.framework; sourceTree = SDKROOT; };
		4FAADC3A14BC5E5A00A8123E /* fps_images.png */ = {isa = PBXFileReference; lastKnownFileType = image.png; name = fps_images.png; path = Resources/fps_images.png; sourceTree = "<group>"; };
		4FAADC4A14BC5E5A00A8123E /* Info.plist */ = {isa = PBXFileReference; lastKnownFileType = text.plist.xml; name = Info.plist; path = Resources/Info.plist; sourceTree = "<group>"; };
		4FAADC4B14BC5E5A00A8123E /* iTunesArtwork */ = {isa = PBXFileReference; lastKnownFileType = file; name = iTunesArtwork; path = Resources/iTunesArtwork; sourceTree = "<group>"; };
		4FAADC4E14BC5E5A00A8123E /* Blur.fsh */ = {isa = PBXFileReference; lastKnownFileType = sourcecode.glsl; name = Blur.fsh; path = Shaders/Blur.fsh; sourceTree = "<group>"; };
		4FAADC5014BC5E5A00A8123E /* Flower.fsh */ = {isa = PBXFileReference; lastKnownFileType = sourcecode.glsl; name = Flower.fsh; path = Shaders/Flower.fsh; sourceTree = "<group>"; };
		4FAADC5214BC5E5A00A8123E /* Flower.vsh */ = {isa = PBXFileReference; lastKnownFileType = sourcecode.glsl; name = Flower.vsh; path = Shaders/Flower.vsh; sourceTree = "<group>"; };
		4FAADC5414BC5E5A00A8123E /* Heart.fsh */ = {isa = PBXFileReference; lastKnownFileType = sourcecode.glsl; name = Heart.fsh; path = Shaders/Heart.fsh; sourceTree = "<group>"; };
		4FAADC5614BC5E5A00A8123E /* Heart.vsh */ = {isa = PBXFileReference; lastKnownFileType = sourcecode.glsl; name = Heart.vsh; path = Shaders/Heart.vsh; sourceTree = "<group>"; };
		4FAADC5814BC5E5A00A8123E /* Julia.fsh */ = {isa = PBXFileReference; lastKnownFileType = sourcecode.glsl; name = Julia.fsh; path = Shaders/Julia.fsh; sourceTree = "<group>"; };
		4FAADC5A14BC5E5A00A8123E /* Julia.vsh */ = {isa = PBXFileReference; lastKnownFileType = sourcecode.glsl; name = Julia.vsh; path = Shaders/Julia.vsh; sourceTree = "<group>"; };
		4FAADC5C14BC5E5A00A8123E /* Mandelbrot.fsh */ = {isa = PBXFileReference; lastKnownFileType = sourcecode.glsl; name = Mandelbrot.fsh; path = Shaders/Mandelbrot.fsh; sourceTree = "<group>"; };
		4FAADC5E14BC5E5A00A8123E /* Mandelbrot.vsh */ = {isa = PBXFileReference; lastKnownFileType = sourcecode.glsl; name = Mandelbrot.vsh; path = Shaders/Mandelbrot.vsh; sourceTree = "<group>"; };
		4FAADC6014BC5E5A00A8123E /* Monjori.fsh */ = {isa = PBXFileReference; lastKnownFileType = sourcecode.glsl; name = Monjori.fsh; path = Shaders/Monjori.fsh; sourceTree = "<group>"; };
		4FAADC6214BC5E5A00A8123E /* Monjori.vsh */ = {isa = PBXFileReference; lastKnownFileType = sourcecode.glsl; name = Monjori.vsh; path = Shaders/Monjori.vsh; sourceTree = "<group>"; };
		4FAADC6414BC5E5A00A8123E /* Plasma.fsh */ = {isa = PBXFileReference; lastKnownFileType = sourcecode.glsl; name = Plasma.fsh; path = Shaders/Plasma.fsh; sourceTree = "<group>"; };
		4FAADC6614BC5E5A00A8123E /* Plasma.vsh */ = {isa = PBXFileReference; lastKnownFileType = sourcecode.glsl; name = Plasma.vsh; path = Shaders/Plasma.vsh; sourceTree = "<group>"; };
		4FAADC6814BC5E5A00A8123E /* Position_uColor.fsh */ = {isa = PBXFileReference; lastKnownFileType = sourcecode.glsl; name = Position_uColor.fsh; path = Shaders/Position_uColor.fsh; sourceTree = "<group>"; };
		4FAADC6A14BC5E5A00A8123E /* Position_uColor.vsh */ = {isa = PBXFileReference; lastKnownFileType = sourcecode.glsl; name = Position_uColor.vsh; path = Shaders/Position_uColor.vsh; sourceTree = "<group>"; };
		4FAADC6C14BC5E5A00A8123E /* PositionColor.fsh */ = {isa = PBXFileReference; lastKnownFileType = sourcecode.glsl; name = PositionColor.fsh; path = Shaders/PositionColor.fsh; sourceTree = "<group>"; };
		4FAADC6E14BC5E5A00A8123E /* PositionColor.vsh */ = {isa = PBXFileReference; lastKnownFileType = sourcecode.glsl; name = PositionColor.vsh; path = Shaders/PositionColor.vsh; sourceTree = "<group>"; };
		4FAADC7014BC5E5A00A8123E /* PositionTexture.fsh */ = {isa = PBXFileReference; lastKnownFileType = sourcecode.glsl; name = PositionTexture.fsh; path = Shaders/PositionTexture.fsh; sourceTree = "<group>"; };
		4FAADC7214BC5E5A00A8123E /* PositionTexture.vsh */ = {isa = PBXFileReference; lastKnownFileType = sourcecode.glsl; name = PositionTexture.vsh; path = Shaders/PositionTexture.vsh; sourceTree = "<group>"; };
		4FAADC7414BC5E5A00A8123E /* PositionTexture_uColor.fsh */ = {isa = PBXFileReference; lastKnownFileType = sourcecode.glsl; name = PositionTexture_uColor.fsh; path = Shaders/PositionTexture_uColor.fsh; sourceTree = "<group>"; };
		4FAADC7614BC5E5A00A8123E /* PositionTexture_uColor.vsh */ = {isa = PBXFileReference; lastKnownFileType = sourcecode.glsl; name = PositionTexture_uColor.vsh; path = Shaders/PositionTexture_uColor.vsh; sourceTree = "<group>"; };
		4FAADC7814BC5E5A00A8123E /* PositionTextureA8Color.fsh */ = {isa = PBXFileReference; lastKnownFileType = sourcecode.glsl; name = PositionTextureA8Color.fsh; path = Shaders/PositionTextureA8Color.fsh; sourceTree = "<group>"; };
		4FAADC7A14BC5E5A00A8123E /* PositionTextureA8Color.vsh */ = {isa = PBXFileReference; lastKnownFileType = sourcecode.glsl; name = PositionTextureA8Color.vsh; path = Shaders/PositionTextureA8Color.vsh; sourceTree = "<group>"; };
		4FAADC7C14BC5E5A00A8123E /* PositionTextureColor.fsh */ = {isa = PBXFileReference; lastKnownFileType = sourcecode.glsl; name = PositionTextureColor.fsh; path = Shaders/PositionTextureColor.fsh; sourceTree = "<group>"; };
		4FAADC7E14BC5E5A00A8123E /* PositionTextureColor.vsh */ = {isa = PBXFileReference; lastKnownFileType = sourcecode.glsl; name = PositionTextureColor.vsh; path = Shaders/PositionTextureColor.vsh; sourceTree = "<group>"; };
		4FAADC8014BC5E5A00A8123E /* Twist.fsh */ = {isa = PBXFileReference; lastKnownFileType = sourcecode.glsl; name = Twist.fsh; path = Shaders/Twist.fsh; sourceTree = "<group>"; };
		4FAADC8214BC5E5A00A8123E /* Twist.vsh */ = {isa = PBXFileReference; lastKnownFileType = sourcecode.glsl; name = Twist.vsh; path = Shaders/Twist.vsh; sourceTree = "<group>"; };
		4FAADDC014BC5E5D00A8123E /* Prefix.pch */ = {isa = PBXFileReference; lastKnownFileType = sourcecode.c.h; path = Prefix.pch; sourceTree = "<group>"; };
		4FAADDC114BC5E5D00A8123E /* main.m */ = {isa = PBXFileReference; lastKnownFileType = sourcecode.c.objc; path = main.m; sourceTree = "<group>"; };
		4FAADDC314BC5E5D00A8123E /* AppDelegate.h */ = {isa = PBXFileReference; lastKnownFileType = sourcecode.c.h; path = AppDelegate.h; sourceTree = "<group>"; };
		4FAADDC414BC5E5D00A8123E /* AppDelegate.m */ = {isa = PBXFileReference; lastKnownFileType = sourcecode.c.objc; path = AppDelegate.m; sourceTree = "<group>"; };
		4FAADDD314BC5EBB00A8123E /* cocos2d-ios.xcodeproj */ = {isa = PBXFileReference; lastKnownFileType = "wrapper.pb-project"; name = "cocos2d-ios.xcodeproj"; path = "cocos2d/cocos2d-ios.xcodeproj"; sourceTree = "<group>"; };
		4FAADF2514BC657300A8123E /* dog_animation.plist */ = {isa = PBXFileReference; fileEncoding = 4; lastKnownFileType = text.plist.xml; name = dog_animation.plist; path = "CVS-Tycoon/AnimationPlists/dog_animation.plist"; sourceTree = "<group>"; };
		4FAADF3E14BC699600A8123E /* Default-Landscape.png */ = {isa = PBXFileReference; lastKnownFileType = image.png; path = "Default-Landscape.png"; sourceTree = "<group>"; };
		4FAADF3F14BC699600A8123E /* Default-LandscapeLeft.png */ = {isa = PBXFileReference; lastKnownFileType = image.png; path = "Default-LandscapeLeft.png"; sourceTree = "<group>"; };
		4FAADF4014BC699600A8123E /* Default-LandscapeRight.png */ = {isa = PBXFileReference; lastKnownFileType = image.png; path = "Default-LandscapeRight.png"; sourceTree = "<group>"; };
		4FAADF4114BC699600A8123E /* Default-Portrait.png */ = {isa = PBXFileReference; lastKnownFileType = image.png; path = "Default-Portrait.png"; sourceTree = "<group>"; };
		4FAADF4214BC699600A8123E /* Default-PortraitUpsideDown.png */ = {isa = PBXFileReference; lastKnownFileType = image.png; path = "Default-PortraitUpsideDown.png"; sourceTree = "<group>"; };
		4FAADF4314BC699600A8123E /* Default.png */ = {isa = PBXFileReference; lastKnownFileType = image.png; path = Default.png; sourceTree = "<group>"; };
		4FAADF4414BC699600A8123E /* Default@2x.png */ = {isa = PBXFileReference; lastKnownFileType = image.png; path = "Default@2x.png"; sourceTree = "<group>"; };
		4FAADF4C14BC699600A8123E /* firstlevel.tmx */ = {isa = PBXFileReference; fileEncoding = 4; lastKnownFileType = text.xml; path = firstlevel.tmx; sourceTree = "<group>"; };
		4FAADF4E14BC699600A8123E /* Icon-72.png */ = {isa = PBXFileReference; lastKnownFileType = image.png; path = "Icon-72.png"; sourceTree = "<group>"; };
		4FAADF4F14BC699600A8123E /* Icon-Small-50.png */ = {isa = PBXFileReference; lastKnownFileType = image.png; path = "Icon-Small-50.png"; sourceTree = "<group>"; };
		4FAADF5014BC699600A8123E /* Icon-Small.png */ = {isa = PBXFileReference; lastKnownFileType = image.png; path = "Icon-Small.png"; sourceTree = "<group>"; };
		4FAADF5114BC699600A8123E /* Icon-Small@2x.png */ = {isa = PBXFileReference; lastKnownFileType = image.png; path = "Icon-Small@2x.png"; sourceTree = "<group>"; };
		4FAADF5214BC699600A8123E /* icon.png */ = {isa = PBXFileReference; lastKnownFileType = image.png; path = icon.png; sourceTree = "<group>"; };
		4FAADF5314BC699600A8123E /* icon@2x.png */ = {isa = PBXFileReference; lastKnownFileType = image.png; path = "icon@2x.png"; sourceTree = "<group>"; };
		4FAADF5414BC699600A8123E /* mapset3.png */ = {isa = PBXFileReference; lastKnownFileType = image.png; path = mapset3.png; sourceTree = "<group>"; };
		4FAADF6E14BC6B0500A8123E /* CommonProtocols.h */ = {isa = PBXFileReference; fileEncoding = 4; lastKnownFileType = sourcecode.c.h; path = CommonProtocols.h; sourceTree = "<group>"; };
		4FAADF7414BC6CC700A8123E /* GameObject.h */ = {isa = PBXFileReference; fileEncoding = 4; lastKnownFileType = sourcecode.c.h; path = GameObject.h; sourceTree = "<group>"; };
		4FAADF7514BC6CC700A8123E /* GameObject.m */ = {isa = PBXFileReference; fileEncoding = 4; lastKnownFileType = sourcecode.c.objc; path = GameObject.m; sourceTree = "<group>"; };
		4FAADF7614BC6CC700A8123E /* GameStaticObj.h */ = {isa = PBXFileReference; fileEncoding = 4; lastKnownFileType = sourcecode.c.h; path = GameStaticObj.h; sourceTree = "<group>"; };
		4FAADF7714BC6CC700A8123E /* GameStaticObj.m */ = {isa = PBXFileReference; fileEncoding = 4; lastKnownFileType = sourcecode.c.objc; path = GameStaticObj.m; sourceTree = "<group>"; };
		4FAADF7E14BC6D1100A8123E /* FiniteStateMachine.h */ = {isa = PBXFileReference; fileEncoding = 4; lastKnownFileType = sourcecode.c.h; path = FiniteStateMachine.h; sourceTree = "<group>"; };
		4FAADF7F14BC6D1100A8123E /* FiniteStateMachine.m */ = {isa = PBXFileReference; fileEncoding = 4; lastKnownFileType = sourcecode.c.objc; path = FiniteStateMachine.m; sourceTree = "<group>"; };
		4FAADF8014BC6D1100A8123E /* StateBase.h */ = {isa = PBXFileReference; fileEncoding = 4; lastKnownFileType = sourcecode.c.h; path = StateBase.h; sourceTree = "<group>"; };
		4FAADF8114BC6D1100A8123E /* StateBase.m */ = {isa = PBXFileReference; fileEncoding = 4; lastKnownFileType = sourcecode.c.objc; path = StateBase.m; sourceTree = "<group>"; };
		4FAADF8414BC6D9800A8123E /* GameScene.h */ = {isa = PBXFileReference; fileEncoding = 4; lastKnownFileType = sourcecode.c.h; path = GameScene.h; sourceTree = "<group>"; };
		4FAADF8514BC6D9800A8123E /* GameScene.m */ = {isa = PBXFileReference; fileEncoding = 4; lastKnownFileType = sourcecode.c.objc; path = GameScene.m; sourceTree = "<group>"; };
		4FAADF8714BC6DD800A8123E /* GameplayLayer.h */ = {isa = PBXFileReference; fileEncoding = 4; lastKnownFileType = sourcecode.c.h; path = GameplayLayer.h; sourceTree = "<group>"; };
		4FAADF8814BC6DD800A8123E /* GameplayLayer.m */ = {isa = PBXFileReference; fileEncoding = 4; lastKnownFileType = sourcecode.c.objc; path = GameplayLayer.m; sourceTree = "<group>"; };
		4FAAE06D14BDC23800A8123E /* PackTextures.sh */ = {isa = PBXFileReference; fileEncoding = 4; lastKnownFileType = text.script.sh; path = PackTextures.sh; sourceTree = SOURCE_ROOT; };
		4FAAE14F14BDE11A00A8123E /* SpawnPoint.h */ = {isa = PBXFileReference; fileEncoding = 4; lastKnownFileType = sourcecode.c.h; path = SpawnPoint.h; sourceTree = "<group>"; };
		4FAAE15014BDE11A00A8123E /* SpawnPoint.m */ = {isa = PBXFileReference; fileEncoding = 4; lastKnownFileType = sourcecode.c.objc; path = SpawnPoint.m; sourceTree = "<group>"; };
		4FC1571814D81E5B009B27EC /* en */ = {isa = PBXFileReference; lastKnownFileType = text.plist.strings; name = en; path = en.lproj/Localizable.strings; sourceTree = "<group>"; };
		4FC1571A14D81E6B009B27EC /* zh-Hans */ = {isa = PBXFileReference; lastKnownFileType = text.plist.strings; name = "zh-Hans"; path = "zh-Hans.lproj/Localizable.strings"; sourceTree = "<group>"; };
		4FC1571D14D8206B009B27EC /* en */ = {isa = PBXFileReference; lastKnownFileType = file.storyboard; name = en; path = en.lproj/MainStoryboard.storyboard; sourceTree = "<group>"; };
		4FC1572014D820E2009B27EC /* zh-Hans */ = {isa = PBXFileReference; lastKnownFileType = file.storyboard; name = "zh-Hans"; path = "zh-Hans.lproj/MainStoryboard.storyboard"; sourceTree = "<group>"; };
		4FC1572414D821D0009B27EC /* en */ = {isa = PBXFileReference; lastKnownFileType = text.plist.strings; name = en; path = en.lproj/InfoPlist.strings; sourceTree = "<group>"; };
		4FC1572614D821D7009B27EC /* zh-Hans */ = {isa = PBXFileReference; lastKnownFileType = text.plist.strings; name = "zh-Hans"; path = "zh-Hans.lproj/InfoPlist.strings"; sourceTree = "<group>"; };
		4FF458DD14E2CF9F00999B95 /* dg_iso32.png */ = {isa = PBXFileReference; lastKnownFileType = image.png; path = dg_iso32.png; sourceTree = "<group>"; };
		4FF458DE14E2CFA000999B95 /* isometric-with-border.tmx */ = {isa = PBXFileReference; fileEncoding = 4; lastKnownFileType = text.xml; path = "isometric-with-border.tmx"; sourceTree = "<group>"; };
		4FF458E114E2D2D600999B95 /* LoadScene.h */ = {isa = PBXFileReference; fileEncoding = 4; lastKnownFileType = sourcecode.c.h; path = LoadScene.h; sourceTree = "<group>"; };
		4FF458E214E2D2D600999B95 /* LoadScene.m */ = {isa = PBXFileReference; fileEncoding = 4; lastKnownFileType = sourcecode.c.objc; path = LoadScene.m; sourceTree = "<group>"; };
		4FF76CC914DD61FA00AA530A /* UserInterfaceLayer.h */ = {isa = PBXFileReference; fileEncoding = 4; lastKnownFileType = sourcecode.c.h; path = UserInterfaceLayer.h; sourceTree = "<group>"; };
		4FF76CCA14DD61FA00AA530A /* UserInterfaceLayer.m */ = {isa = PBXFileReference; fileEncoding = 4; lastKnownFileType = sourcecode.c.objc; path = UserInterfaceLayer.m; sourceTree = "<group>"; };
		4FF76CCC14DF53AB00AA530A /* Customer.h */ = {isa = PBXFileReference; fileEncoding = 4; lastKnownFileType = sourcecode.c.h; path = Customer.h; sourceTree = "<group>"; };
		4FF76CCD14DF53AB00AA530A /* Customer.m */ = {isa = PBXFileReference; fileEncoding = 4; lastKnownFileType = sourcecode.c.objc; path = Customer.m; sourceTree = "<group>"; };
		4FF76CCF14DF544100AA530A /* Shelf.h */ = {isa = PBXFileReference; fileEncoding = 4; lastKnownFileType = sourcecode.c.h; path = Shelf.h; sourceTree = "<group>"; };
		4FF76CD014DF544100AA530A /* Shelf.m */ = {isa = PBXFileReference; fileEncoding = 4; lastKnownFileType = sourcecode.c.objc; path = Shelf.m; sourceTree = "<group>"; };
		4FF76CD214DF556A00AA530A /* GoodsComponent.h */ = {isa = PBXFileReference; fileEncoding = 4; lastKnownFileType = sourcecode.c.h; path = GoodsComponent.h; sourceTree = "<group>"; };
		4FF76CD314DF556A00AA530A /* GoodsComponent.m */ = {isa = PBXFileReference; fileEncoding = 4; lastKnownFileType = sourcecode.c.objc; path = GoodsComponent.m; sourceTree = "<group>"; };
		971A00A014ECB46F00155F35 /* MovementComponent.h */ = {isa = PBXFileReference; fileEncoding = 4; lastKnownFileType = sourcecode.c.h; path = MovementComponent.h; sourceTree = "<group>"; };
		971A00A114ECB46F00155F35 /* MovementComponent.m */ = {isa = PBXFileReference; fileEncoding = 4; lastKnownFileType = sourcecode.c.objc; path = MovementComponent.m; sourceTree = "<group>"; };
		97A658D114EB777100575E9E /* PositionTextureColorAlphaTest.fsh */ = {isa = PBXFileReference; fileEncoding = 4; lastKnownFileType = sourcecode.glsl; path = PositionTextureColorAlphaTest.fsh; sourceTree = "<group>"; };
		97D7BE6014BD69CD00934812 /* fps_images-hd.png */ = {isa = PBXFileReference; lastKnownFileType = image.png; path = "fps_images-hd.png"; sourceTree = "<group>"; };
/* End PBXFileReference section */

/* Begin PBXFrameworksBuildPhase section */
		4FAADC1D14BC5E5A00A8123E /* Frameworks */ = {
			isa = PBXFrameworksBuildPhase;
			buildActionMask = 2147483647;
			files = (
				4FAADEB114BC5F8F00A8123E /* libcocos2d.a in Frameworks */,
				4FAADEB214BC5F8F00A8123E /* libkazmath.a in Frameworks */,
				4FAADC2514BC5E5A00A8123E /* QuartzCore.framework in Frameworks */,
				4FAADC2714BC5E5A00A8123E /* OpenGLES.framework in Frameworks */,
				4FAADC2914BC5E5A00A8123E /* OpenAL.framework in Frameworks */,
				4FAADC2B14BC5E5A00A8123E /* AudioToolbox.framework in Frameworks */,
				4FAADC2D14BC5E5A00A8123E /* AVFoundation.framework in Frameworks */,
				4FAADC2F14BC5E5A00A8123E /* UIKit.framework in Frameworks */,
				4FAADC3114BC5E5A00A8123E /* Foundation.framework in Frameworks */,
				4FAADC3314BC5E5A00A8123E /* CoreGraphics.framework in Frameworks */,
				4FAADC3514BC5E5A00A8123E /* GameKit.framework in Frameworks */,
			);
			runOnlyForDeploymentPostprocessing = 0;
		};
/* End PBXFrameworksBuildPhase section */

/* Begin PBXGroup section */
		4FAADC1514BC5E5A00A8123E = {
			isa = PBXGroup;
			children = (
				4FAADF3C14BC699600A8123E /* Images */,
				4FAADF2414BC642600A8123E /* AnimationPlists */,
				4FAADC3614BC5E5A00A8123E /* Classes */,
				4FAADC4D14BC5E5A00A8123E /* Shaders */,
				4FAADDBF14BC5E5D00A8123E /* Supporting Files */,
				4FAADC3714BC5E5A00A8123E /* Resources */,
				4FAADC2314BC5E5A00A8123E /* Frameworks */,
				4FAADC2114BC5E5A00A8123E /* Products */,
				4FAADDD314BC5EBB00A8123E /* cocos2d-ios.xcodeproj */,
			);
			sourceTree = "<group>";
		};
		4FAADC2114BC5E5A00A8123E /* Products */ = {
			isa = PBXGroup;
			children = (
				4FAADC2014BC5E5A00A8123E /* CVS-Tycoon.app */,
			);
			name = Products;
			sourceTree = "<group>";
		};
		4FAADC2314BC5E5A00A8123E /* Frameworks */ = {
			isa = PBXGroup;
			children = (
				4FAADC2414BC5E5A00A8123E /* QuartzCore.framework */,
				4FAADC2614BC5E5A00A8123E /* OpenGLES.framework */,
				4FAADC2814BC5E5A00A8123E /* OpenAL.framework */,
				4FAADC2A14BC5E5A00A8123E /* AudioToolbox.framework */,
				4FAADC2C14BC5E5A00A8123E /* AVFoundation.framework */,
				4FAADC2E14BC5E5A00A8123E /* UIKit.framework */,
				4FAADC3014BC5E5A00A8123E /* Foundation.framework */,
				4FAADC3214BC5E5A00A8123E /* CoreGraphics.framework */,
				4FAADC3414BC5E5A00A8123E /* GameKit.framework */,
			);
			name = Frameworks;
			sourceTree = "<group>";
		};
		4FAADC3614BC5E5A00A8123E /* Classes */ = {
			isa = PBXGroup;
			children = (
				4FAADF6D14BC6AD500A8123E /* Common */,
				4FAADF6F14BC6B4D00A8123E /* Scenes */,
				4FAADF7014BC6B5200A8123E /* Layers */,
				4FE4C49714C85E24008B22A7 /* Component */,
				4FAADF7114BC6C2A00A8123E /* GameObjects */,
				4FAADDC314BC5E5D00A8123E /* AppDelegate.h */,
				4FAADDC414BC5E5D00A8123E /* AppDelegate.m */,
				4FC1571E14D8206B009B27EC /* MainStoryboard.storyboard */,
			);
			name = Classes;
			path = "CVS-Tycoon";
			sourceTree = "<group>";
		};
		4FAADC3714BC5E5A00A8123E /* Resources */ = {
			isa = PBXGroup;
			children = (
				97D7BE6014BD69CD00934812 /* fps_images-hd.png */,
				4FAADC3A14BC5E5A00A8123E /* fps_images.png */,
				4FAADC4A14BC5E5A00A8123E /* Info.plist */,
				4FAADC4B14BC5E5A00A8123E /* iTunesArtwork */,
				4FAAE06D14BDC23800A8123E /* PackTextures.sh */,
				4FC1571914D81E5B009B27EC /* Localizable.strings */,
			);
			name = Resources;
			path = "CVS-Tycoon";
			sourceTree = "<group>";
		};
		4FAADC4D14BC5E5A00A8123E /* Shaders */ = {
			isa = PBXGroup;
			children = (
				4FAADC4E14BC5E5A00A8123E /* Blur.fsh */,
				4FAADC5014BC5E5A00A8123E /* Flower.fsh */,
				4FAADC5214BC5E5A00A8123E /* Flower.vsh */,
				4FAADC5414BC5E5A00A8123E /* Heart.fsh */,
				4FAADC5614BC5E5A00A8123E /* Heart.vsh */,
				4FAADC5814BC5E5A00A8123E /* Julia.fsh */,
				4FAADC5A14BC5E5A00A8123E /* Julia.vsh */,
				4FAADC5C14BC5E5A00A8123E /* Mandelbrot.fsh */,
				4FAADC5E14BC5E5A00A8123E /* Mandelbrot.vsh */,
				4FAADC6014BC5E5A00A8123E /* Monjori.fsh */,
				4FAADC6214BC5E5A00A8123E /* Monjori.vsh */,
				4FAADC6414BC5E5A00A8123E /* Plasma.fsh */,
				4FAADC6614BC5E5A00A8123E /* Plasma.vsh */,
				4FAADC6814BC5E5A00A8123E /* Position_uColor.fsh */,
				4FAADC6A14BC5E5A00A8123E /* Position_uColor.vsh */,
				4FAADC6C14BC5E5A00A8123E /* PositionColor.fsh */,
				4FAADC6E14BC5E5A00A8123E /* PositionColor.vsh */,
				4FAADC7014BC5E5A00A8123E /* PositionTexture.fsh */,
				4FAADC7214BC5E5A00A8123E /* PositionTexture.vsh */,
				4FAADC7414BC5E5A00A8123E /* PositionTexture_uColor.fsh */,
				4FAADC7614BC5E5A00A8123E /* PositionTexture_uColor.vsh */,
				4FAADC7814BC5E5A00A8123E /* PositionTextureA8Color.fsh */,
				4FAADC7A14BC5E5A00A8123E /* PositionTextureA8Color.vsh */,
				4FAADC7C14BC5E5A00A8123E /* PositionTextureColor.fsh */,
				4FAADC7E14BC5E5A00A8123E /* PositionTextureColor.vsh */,
				97A658D114EB777100575E9E /* PositionTextureColorAlphaTest.fsh */,
				4FAADC8014BC5E5A00A8123E /* Twist.fsh */,
				4FAADC8214BC5E5A00A8123E /* Twist.vsh */,
			);
			name = Shaders;
			path = "CVS-Tycoon";
			sourceTree = "<group>";
		};
		4FAADDBF14BC5E5D00A8123E /* Supporting Files */ = {
			isa = PBXGroup;
			children = (
				4FAADDC014BC5E5D00A8123E /* Prefix.pch */,
				4FAADDC114BC5E5D00A8123E /* main.m */,
				4FC1572514D821D0009B27EC /* InfoPlist.strings */,
			);
			name = "Supporting Files";
			path = "CVS-Tycoon";
			sourceTree = "<group>";
		};
		4FAADDD414BC5EBB00A8123E /* Products */ = {
			isa = PBXGroup;
			children = (
				4FAADE4014BC5EBE00A8123E /* libbuild all tests.a */,
				4FAADE4214BC5EBE00A8123E /* libbox2d.a */,
				4FAADE4414BC5EBE00A8123E /* libChipmunk.a */,
				4FAADE4614BC5EBE00A8123E /* libcocos2d.a */,
				4FAADE4814BC5EBE00A8123E /* libcocos2d-documentation.a */,
				4FAADE4A14BC5EBE00A8123E /* libCocosDenshion.a */,
				4FAADE4C14BC5EBE00A8123E /* libkazmath.a */,
				4FAADE4E14BC5EBE00A8123E /* liblibpng.a */,
				4FAADE5014BC5EBE00A8123E /* ActionManagerTest.app */,
				4FAADE5214BC5EBE00A8123E /* ActionsTest.app */,
				4FAADE5414BC5EBE00A8123E /* ActionsWithBlocksSample.app */,
				4FAADE5614BC5EBE00A8123E /* AttachTest.app */,
				4FAADE5814BC5EBE00A8123E /* Box2dAccelTouchTest.app */,
				4FAADE5A14BC5EBE00A8123E /* Box2dTestBed.app */,
				4FAADE5C14BC5EBE00A8123E /* ChipmunkAccelTouchTest.app */,
				4FAADE5E14BC5EBE00A8123E /* ClickAndMoveTest.app */,
				4FAADE6014BC5EBE00A8123E /* CocosDenshion - Tom The Turret.app */,
				4FAADE6214BC5EBE00A8123E /* CocosDenshion - Drum Pad.app */,
				4FAADE6414BC5EBE00A8123E /* CocosDenshion - Fade To Grey.app */,
				4FAADE6614BC5EBE00A8123E /* CocosDenshion - FancyRat Metering Demo.app */,
				4FAADE6814BC5EBE00A8123E /* DirectorTest.app */,
				4FAADE6A14BC5EBE00A8123E /* drawPrimitivesTest.app */,
				4FAADE6C14BC5EBE00A8123E /* EAGLViewTest.app */,
				4FAADE6E14BC5EBE00A8123E /* ActionsEaseTest.app */,
				4FAADE7014BC5EBE00A8123E /* EffectsTest.app */,
				4FAADE7214BC5EBE00A8123E /* EffectsAdvancedTest.app */,
				4FAADE7414BC5EBE00A8123E /* FontTest.app */,
				4FAADE7614BC5EBE00A8123E /* IntervalTest.app */,
				4FAADE7814BC5EBE00A8123E /* LabelTest.app */,
				4FAADE7A14BC5EBE00A8123E /* LayerTest.app */,
				4FAADE7C14BC5EBE00A8123E /* MenuTest.app */,
				4FAADE7E14BC5EBE00A8123E /* MotionStreakTest.app */,
				4FAADE8014BC5EBE00A8123E /* cocosnodeTest.app */,
				4FAADE8214BC5EBE00A8123E /* ParallaxTest.app */,
				4FAADE8414BC5EBE00A8123E /* ParticleTest.app */,
				4FAADE8614BC5EBE00A8123E /* ActionsProgressTest.app */,
				4FAADE8814BC5EBE00A8123E /* RenderTextureTest.app */,
				4FAADE8A14BC5EBE00A8123E /* RotateWorldTest.app */,
				4FAADE8C14BC5EBE00A8123E /* SceneTest.app */,
				4FAADE8E14BC5EBE00A8123E /* SchedulerTest.app */,
				4FAADE9014BC5EBE00A8123E /* ShaderTest.app */,
				4FAADE9214BC5EBE00A8123E /* SpriteTest.app */,
				4FAADE9414BC5EBE00A8123E /* Texture2dTest.app */,
				4FAADE9614BC5EBE00A8123E /* TileMapTest.app */,
				4FAADE9814BC5EBE00A8123E /* TouchesTest.app */,
				4FAADE9A14BC5EBE00A8123E /* TransitionsTest.app */,
				4FAADE9C14BC5EBE00A8123E /* ZwoptexTest.app */,
				4FAADE9E14BC5EBE00A8123E /* Bug350.app */,
				4FAADEA014BC5EBE00A8123E /* Bug422.app */,
				4FAADEA214BC5EBE00A8123E /* Bug458.app */,
				4FAADEA414BC5EBE00A8123E /* Bug624.app */,
				4FAADEA614BC5EBE00A8123E /* Bug886.app */,
				4FAADEA814BC5EBE00A8123E /* Bug899.app */,
				4FAADEAA14BC5EBE00A8123E /* Bug914.app */,
				4FAADEAC14BC5EBE00A8123E /* Bug1159.app */,
			);
			name = Products;
			sourceTree = "<group>";
		};
		4FAADF2414BC642600A8123E /* AnimationPlists */ = {
			isa = PBXGroup;
			children = (
				4FAADF2514BC657300A8123E /* dog_animation.plist */,
			);
			name = AnimationPlists;
			sourceTree = "<group>";
		};
		4FAADF3C14BC699600A8123E /* Images */ = {
			isa = PBXGroup;
			children = (
				4FAADF3D14BC699600A8123E /* App Launch Images */,
				4FAADF4D14BC699600A8123E /* Icons */,
				4FF458DD14E2CF9F00999B95 /* dg_iso32.png */,
				4FF458DE14E2CFA000999B95 /* isometric-with-border.tmx */,
				4FAADF4C14BC699600A8123E /* firstlevel.tmx */,
				4FAADF5414BC699600A8123E /* mapset3.png */,
				4FA325E814C113DB00A161CD /* scene1atlas.plist */,
				4FA325E914C113DB00A161CD /* scene1atlas.pvr.ccz */,
			);
			name = Images;
			path = "CVS-Tycoon/Images";
			sourceTree = "<group>";
		};
		4FAADF3D14BC699600A8123E /* App Launch Images */ = {
			isa = PBXGroup;
			children = (
				4FAADF3E14BC699600A8123E /* Default-Landscape.png */,
				4FAADF3F14BC699600A8123E /* Default-LandscapeLeft.png */,
				4FAADF4014BC699600A8123E /* Default-LandscapeRight.png */,
				4FAADF4114BC699600A8123E /* Default-Portrait.png */,
				4FAADF4214BC699600A8123E /* Default-PortraitUpsideDown.png */,
				4FAADF4314BC699600A8123E /* Default.png */,
				4FAADF4414BC699600A8123E /* Default@2x.png */,
			);
			path = "App Launch Images";
			sourceTree = "<group>";
		};
		4FAADF4D14BC699600A8123E /* Icons */ = {
			isa = PBXGroup;
			children = (
				4FAADF4E14BC699600A8123E /* Icon-72.png */,
				4FAADF4F14BC699600A8123E /* Icon-Small-50.png */,
				4FAADF5014BC699600A8123E /* Icon-Small.png */,
				4FAADF5114BC699600A8123E /* Icon-Small@2x.png */,
				4FAADF5214BC699600A8123E /* icon.png */,
				4FAADF5314BC699600A8123E /* icon@2x.png */,
			);
			path = Icons;
			sourceTree = "<group>";
		};
		4FAADF6D14BC6AD500A8123E /* Common */ = {
			isa = PBXGroup;
			children = (
				4FAADF7E14BC6D1100A8123E /* FiniteStateMachine.h */,
				4FAADF7F14BC6D1100A8123E /* FiniteStateMachine.m */,
				4FAADF8014BC6D1100A8123E /* StateBase.h */,
				4FAADF8114BC6D1100A8123E /* StateBase.m */,
				4FAADF6E14BC6B0500A8123E /* CommonProtocols.h */,
				4FA325E514C08AD700A161CD /* Categories.h */,
				4FA325E614C08AD700A161CD /* Categories.m */,
			);
			name = Common;
			sourceTree = "<group>";
		};
		4FAADF6F14BC6B4D00A8123E /* Scenes */ = {
			isa = PBXGroup;
			children = (
				4FAADF8414BC6D9800A8123E /* GameScene.h */,
				4FAADF8514BC6D9800A8123E /* GameScene.m */,
				4FF458E114E2D2D600999B95 /* LoadScene.h */,
				4FF458E214E2D2D600999B95 /* LoadScene.m */,
			);
			name = Scenes;
			sourceTree = "<group>";
		};
		4FAADF7014BC6B5200A8123E /* Layers */ = {
			isa = PBXGroup;
			children = (
				4FAADF8714BC6DD800A8123E /* GameplayLayer.h */,
				4FAADF8814BC6DD800A8123E /* GameplayLayer.m */,
				4FF76CC914DD61FA00AA530A /* UserInterfaceLayer.h */,
				4FF76CCA14DD61FA00AA530A /* UserInterfaceLayer.m */,
			);
			name = Layers;
			sourceTree = "<group>";
		};
		4FAADF7114BC6C2A00A8123E /* GameObjects */ = {
			isa = PBXGroup;
			children = (
				4FAADF7414BC6CC700A8123E /* GameObject.h */,
				4FAADF7514BC6CC700A8123E /* GameObject.m */,
				4FAADF7614BC6CC700A8123E /* GameStaticObj.h */,
				4FAADF7714BC6CC700A8123E /* GameStaticObj.m */,
				4FAAE14F14BDE11A00A8123E /* SpawnPoint.h */,
				4FAAE15014BDE11A00A8123E /* SpawnPoint.m */,
				4FF76CCC14DF53AB00AA530A /* Customer.h */,
				4FF76CCD14DF53AB00AA530A /* Customer.m */,
				4FF76CCF14DF544100AA530A /* Shelf.h */,
				4FF76CD014DF544100AA530A /* Shelf.m */,
			);
			name = GameObjects;
			sourceTree = "<group>";
		};
		4FE4C49714C85E24008B22A7 /* Component */ = {
			isa = PBXGroup;
			children = (
				4FF76CD214DF556A00AA530A /* GoodsComponent.h */,
				4FF76CD314DF556A00AA530A /* GoodsComponent.m */,
				971A00A014ECB46F00155F35 /* MovementComponent.h */,
				971A00A114ECB46F00155F35 /* MovementComponent.m */,
			);
			name = Component;
			sourceTree = "<group>";
		};
/* End PBXGroup section */

/* Begin PBXLegacyTarget section */
		4FAAE06F14BDC46100A8123E /* TexturePacker */ = {
			isa = PBXLegacyTarget;
			buildArgumentsString = "\"$(PROJECT_DIR)/PackTextures.sh\"";
			buildConfigurationList = 4FAAE07014BDC46100A8123E /* Build configuration list for PBXLegacyTarget "TexturePacker" */;
			buildPhases = (
			);
			buildToolPath = /bin/bash;
			buildWorkingDirectory = "$(PROJECT_DIR)";
			dependencies = (
			);
			name = TexturePacker;
			passBuildSettingsInEnvironment = 1;
			productName = TexturePacker;
		};
/* End PBXLegacyTarget section */

/* Begin PBXNativeTarget section */
		4FAADC1F14BC5E5A00A8123E /* CVS-Tycoon */ = {
			isa = PBXNativeTarget;
			buildConfigurationList = 4FAADDCB14BC5E5D00A8123E /* Build configuration list for PBXNativeTarget "CVS-Tycoon" */;
			buildPhases = (
				4FAADC1C14BC5E5A00A8123E /* Sources */,
				4FAADC1D14BC5E5A00A8123E /* Frameworks */,
				4FAADC1E14BC5E5A00A8123E /* Resources */,
			);
			buildRules = (
			);
			dependencies = (
				4FAAE07414BDC52200A8123E /* PBXTargetDependency */,
				4FAADEAE14BC5F8500A8123E /* PBXTargetDependency */,
				4FAADEB014BC5F8500A8123E /* PBXTargetDependency */,
			);
			name = "CVS-Tycoon";
			productName = "CVS-Tycoon";
			productReference = 4FAADC2014BC5E5A00A8123E /* CVS-Tycoon.app */;
			productType = "com.apple.product-type.application";
		};
/* End PBXNativeTarget section */

/* Begin PBXProject section */
		4FAADC1714BC5E5A00A8123E /* Project object */ = {
			isa = PBXProject;
			attributes = {
				LastUpgradeCheck = 0420;
				ORGANIZATIONNAME = AvalonGameArt;
			};
			buildConfigurationList = 4FAADC1A14BC5E5A00A8123E /* Build configuration list for PBXProject "CVS-Tycoon" */;
			compatibilityVersion = "Xcode 3.2";
			developmentRegion = English;
			hasScannedForEncodings = 0;
			knownRegions = (
				en,
				"zh-Hans",
				"zh-Hant",
			);
			mainGroup = 4FAADC1514BC5E5A00A8123E;
			productRefGroup = 4FAADC2114BC5E5A00A8123E /* Products */;
			projectDirPath = "";
			projectReferences = (
				{
					ProductGroup = 4FAADDD414BC5EBB00A8123E /* Products */;
					ProjectRef = 4FAADDD314BC5EBB00A8123E /* cocos2d-ios.xcodeproj */;
				},
			);
			projectRoot = "";
			targets = (
				4FAADC1F14BC5E5A00A8123E /* CVS-Tycoon */,
				4FAAE06F14BDC46100A8123E /* TexturePacker */,
			);
		};
/* End PBXProject section */

/* Begin PBXReferenceProxy section */
		4FAADE4014BC5EBE00A8123E /* libbuild all tests.a */ = {
			isa = PBXReferenceProxy;
			fileType = archive.ar;
			path = "libbuild all tests.a";
			remoteRef = 4FAADE3F14BC5EBE00A8123E /* PBXContainerItemProxy */;
			sourceTree = BUILT_PRODUCTS_DIR;
		};
		4FAADE4214BC5EBE00A8123E /* libbox2d.a */ = {
			isa = PBXReferenceProxy;
			fileType = archive.ar;
			path = libbox2d.a;
			remoteRef = 4FAADE4114BC5EBE00A8123E /* PBXContainerItemProxy */;
			sourceTree = BUILT_PRODUCTS_DIR;
		};
		4FAADE4414BC5EBE00A8123E /* libChipmunk.a */ = {
			isa = PBXReferenceProxy;
			fileType = archive.ar;
			path = libChipmunk.a;
			remoteRef = 4FAADE4314BC5EBE00A8123E /* PBXContainerItemProxy */;
			sourceTree = BUILT_PRODUCTS_DIR;
		};
		4FAADE4614BC5EBE00A8123E /* libcocos2d.a */ = {
			isa = PBXReferenceProxy;
			fileType = archive.ar;
			path = libcocos2d.a;
			remoteRef = 4FAADE4514BC5EBE00A8123E /* PBXContainerItemProxy */;
			sourceTree = BUILT_PRODUCTS_DIR;
		};
		4FAADE4814BC5EBE00A8123E /* libcocos2d-documentation.a */ = {
			isa = PBXReferenceProxy;
			fileType = archive.ar;
			path = "libcocos2d-documentation.a";
			remoteRef = 4FAADE4714BC5EBE00A8123E /* PBXContainerItemProxy */;
			sourceTree = BUILT_PRODUCTS_DIR;
		};
		4FAADE4A14BC5EBE00A8123E /* libCocosDenshion.a */ = {
			isa = PBXReferenceProxy;
			fileType = archive.ar;
			path = libCocosDenshion.a;
			remoteRef = 4FAADE4914BC5EBE00A8123E /* PBXContainerItemProxy */;
			sourceTree = BUILT_PRODUCTS_DIR;
		};
		4FAADE4C14BC5EBE00A8123E /* libkazmath.a */ = {
			isa = PBXReferenceProxy;
			fileType = archive.ar;
			path = libkazmath.a;
			remoteRef = 4FAADE4B14BC5EBE00A8123E /* PBXContainerItemProxy */;
			sourceTree = BUILT_PRODUCTS_DIR;
		};
		4FAADE4E14BC5EBE00A8123E /* liblibpng.a */ = {
			isa = PBXReferenceProxy;
			fileType = archive.ar;
			path = liblibpng.a;
			remoteRef = 4FAADE4D14BC5EBE00A8123E /* PBXContainerItemProxy */;
			sourceTree = BUILT_PRODUCTS_DIR;
		};
		4FAADE5014BC5EBE00A8123E /* ActionManagerTest.app */ = {
			isa = PBXReferenceProxy;
			fileType = wrapper.application;
			path = ActionManagerTest.app;
			remoteRef = 4FAADE4F14BC5EBE00A8123E /* PBXContainerItemProxy */;
			sourceTree = BUILT_PRODUCTS_DIR;
		};
		4FAADE5214BC5EBE00A8123E /* ActionsTest.app */ = {
			isa = PBXReferenceProxy;
			fileType = wrapper.application;
			path = ActionsTest.app;
			remoteRef = 4FAADE5114BC5EBE00A8123E /* PBXContainerItemProxy */;
			sourceTree = BUILT_PRODUCTS_DIR;
		};
		4FAADE5414BC5EBE00A8123E /* ActionsWithBlocksSample.app */ = {
			isa = PBXReferenceProxy;
			fileType = wrapper.application;
			path = ActionsWithBlocksSample.app;
			remoteRef = 4FAADE5314BC5EBE00A8123E /* PBXContainerItemProxy */;
			sourceTree = BUILT_PRODUCTS_DIR;
		};
		4FAADE5614BC5EBE00A8123E /* AttachTest.app */ = {
			isa = PBXReferenceProxy;
			fileType = wrapper.application;
			path = AttachTest.app;
			remoteRef = 4FAADE5514BC5EBE00A8123E /* PBXContainerItemProxy */;
			sourceTree = BUILT_PRODUCTS_DIR;
		};
		4FAADE5814BC5EBE00A8123E /* Box2dAccelTouchTest.app */ = {
			isa = PBXReferenceProxy;
			fileType = wrapper.application;
			path = Box2dAccelTouchTest.app;
			remoteRef = 4FAADE5714BC5EBE00A8123E /* PBXContainerItemProxy */;
			sourceTree = BUILT_PRODUCTS_DIR;
		};
		4FAADE5A14BC5EBE00A8123E /* Box2dTestBed.app */ = {
			isa = PBXReferenceProxy;
			fileType = wrapper.application;
			path = Box2dTestBed.app;
			remoteRef = 4FAADE5914BC5EBE00A8123E /* PBXContainerItemProxy */;
			sourceTree = BUILT_PRODUCTS_DIR;
		};
		4FAADE5C14BC5EBE00A8123E /* ChipmunkAccelTouchTest.app */ = {
			isa = PBXReferenceProxy;
			fileType = wrapper.application;
			path = ChipmunkAccelTouchTest.app;
			remoteRef = 4FAADE5B14BC5EBE00A8123E /* PBXContainerItemProxy */;
			sourceTree = BUILT_PRODUCTS_DIR;
		};
		4FAADE5E14BC5EBE00A8123E /* ClickAndMoveTest.app */ = {
			isa = PBXReferenceProxy;
			fileType = wrapper.application;
			path = ClickAndMoveTest.app;
			remoteRef = 4FAADE5D14BC5EBE00A8123E /* PBXContainerItemProxy */;
			sourceTree = BUILT_PRODUCTS_DIR;
		};
		4FAADE6014BC5EBE00A8123E /* CocosDenshion - Tom The Turret.app */ = {
			isa = PBXReferenceProxy;
			fileType = wrapper.application;
			path = "CocosDenshion - Tom The Turret.app";
			remoteRef = 4FAADE5F14BC5EBE00A8123E /* PBXContainerItemProxy */;
			sourceTree = BUILT_PRODUCTS_DIR;
		};
		4FAADE6214BC5EBE00A8123E /* CocosDenshion - Drum Pad.app */ = {
			isa = PBXReferenceProxy;
			fileType = wrapper.application;
			path = "CocosDenshion - Drum Pad.app";
			remoteRef = 4FAADE6114BC5EBE00A8123E /* PBXContainerItemProxy */;
			sourceTree = BUILT_PRODUCTS_DIR;
		};
		4FAADE6414BC5EBE00A8123E /* CocosDenshion - Fade To Grey.app */ = {
			isa = PBXReferenceProxy;
			fileType = wrapper.application;
			path = "CocosDenshion - Fade To Grey.app";
			remoteRef = 4FAADE6314BC5EBE00A8123E /* PBXContainerItemProxy */;
			sourceTree = BUILT_PRODUCTS_DIR;
		};
		4FAADE6614BC5EBE00A8123E /* CocosDenshion - FancyRat Metering Demo.app */ = {
			isa = PBXReferenceProxy;
			fileType = wrapper.application;
			path = "CocosDenshion - FancyRat Metering Demo.app";
			remoteRef = 4FAADE6514BC5EBE00A8123E /* PBXContainerItemProxy */;
			sourceTree = BUILT_PRODUCTS_DIR;
		};
		4FAADE6814BC5EBE00A8123E /* DirectorTest.app */ = {
			isa = PBXReferenceProxy;
			fileType = wrapper.application;
			path = DirectorTest.app;
			remoteRef = 4FAADE6714BC5EBE00A8123E /* PBXContainerItemProxy */;
			sourceTree = BUILT_PRODUCTS_DIR;
		};
		4FAADE6A14BC5EBE00A8123E /* drawPrimitivesTest.app */ = {
			isa = PBXReferenceProxy;
			fileType = wrapper.application;
			path = drawPrimitivesTest.app;
			remoteRef = 4FAADE6914BC5EBE00A8123E /* PBXContainerItemProxy */;
			sourceTree = BUILT_PRODUCTS_DIR;
		};
		4FAADE6C14BC5EBE00A8123E /* EAGLViewTest.app */ = {
			isa = PBXReferenceProxy;
			fileType = wrapper.application;
			path = EAGLViewTest.app;
			remoteRef = 4FAADE6B14BC5EBE00A8123E /* PBXContainerItemProxy */;
			sourceTree = BUILT_PRODUCTS_DIR;
		};
		4FAADE6E14BC5EBE00A8123E /* ActionsEaseTest.app */ = {
			isa = PBXReferenceProxy;
			fileType = wrapper.application;
			path = ActionsEaseTest.app;
			remoteRef = 4FAADE6D14BC5EBE00A8123E /* PBXContainerItemProxy */;
			sourceTree = BUILT_PRODUCTS_DIR;
		};
		4FAADE7014BC5EBE00A8123E /* EffectsTest.app */ = {
			isa = PBXReferenceProxy;
			fileType = wrapper.application;
			path = EffectsTest.app;
			remoteRef = 4FAADE6F14BC5EBE00A8123E /* PBXContainerItemProxy */;
			sourceTree = BUILT_PRODUCTS_DIR;
		};
		4FAADE7214BC5EBE00A8123E /* EffectsAdvancedTest.app */ = {
			isa = PBXReferenceProxy;
			fileType = wrapper.application;
			path = EffectsAdvancedTest.app;
			remoteRef = 4FAADE7114BC5EBE00A8123E /* PBXContainerItemProxy */;
			sourceTree = BUILT_PRODUCTS_DIR;
		};
		4FAADE7414BC5EBE00A8123E /* FontTest.app */ = {
			isa = PBXReferenceProxy;
			fileType = wrapper.application;
			path = FontTest.app;
			remoteRef = 4FAADE7314BC5EBE00A8123E /* PBXContainerItemProxy */;
			sourceTree = BUILT_PRODUCTS_DIR;
		};
		4FAADE7614BC5EBE00A8123E /* IntervalTest.app */ = {
			isa = PBXReferenceProxy;
			fileType = wrapper.application;
			path = IntervalTest.app;
			remoteRef = 4FAADE7514BC5EBE00A8123E /* PBXContainerItemProxy */;
			sourceTree = BUILT_PRODUCTS_DIR;
		};
		4FAADE7814BC5EBE00A8123E /* LabelTest.app */ = {
			isa = PBXReferenceProxy;
			fileType = wrapper.application;
			path = LabelTest.app;
			remoteRef = 4FAADE7714BC5EBE00A8123E /* PBXContainerItemProxy */;
			sourceTree = BUILT_PRODUCTS_DIR;
		};
		4FAADE7A14BC5EBE00A8123E /* LayerTest.app */ = {
			isa = PBXReferenceProxy;
			fileType = wrapper.application;
			path = LayerTest.app;
			remoteRef = 4FAADE7914BC5EBE00A8123E /* PBXContainerItemProxy */;
			sourceTree = BUILT_PRODUCTS_DIR;
		};
		4FAADE7C14BC5EBE00A8123E /* MenuTest.app */ = {
			isa = PBXReferenceProxy;
			fileType = wrapper.application;
			path = MenuTest.app;
			remoteRef = 4FAADE7B14BC5EBE00A8123E /* PBXContainerItemProxy */;
			sourceTree = BUILT_PRODUCTS_DIR;
		};
		4FAADE7E14BC5EBE00A8123E /* MotionStreakTest.app */ = {
			isa = PBXReferenceProxy;
			fileType = wrapper.application;
			path = MotionStreakTest.app;
			remoteRef = 4FAADE7D14BC5EBE00A8123E /* PBXContainerItemProxy */;
			sourceTree = BUILT_PRODUCTS_DIR;
		};
		4FAADE8014BC5EBE00A8123E /* cocosnodeTest.app */ = {
			isa = PBXReferenceProxy;
			fileType = wrapper.application;
			path = cocosnodeTest.app;
			remoteRef = 4FAADE7F14BC5EBE00A8123E /* PBXContainerItemProxy */;
			sourceTree = BUILT_PRODUCTS_DIR;
		};
		4FAADE8214BC5EBE00A8123E /* ParallaxTest.app */ = {
			isa = PBXReferenceProxy;
			fileType = wrapper.application;
			path = ParallaxTest.app;
			remoteRef = 4FAADE8114BC5EBE00A8123E /* PBXContainerItemProxy */;
			sourceTree = BUILT_PRODUCTS_DIR;
		};
		4FAADE8414BC5EBE00A8123E /* ParticleTest.app */ = {
			isa = PBXReferenceProxy;
			fileType = wrapper.application;
			path = ParticleTest.app;
			remoteRef = 4FAADE8314BC5EBE00A8123E /* PBXContainerItemProxy */;
			sourceTree = BUILT_PRODUCTS_DIR;
		};
		4FAADE8614BC5EBE00A8123E /* ActionsProgressTest.app */ = {
			isa = PBXReferenceProxy;
			fileType = wrapper.application;
			path = ActionsProgressTest.app;
			remoteRef = 4FAADE8514BC5EBE00A8123E /* PBXContainerItemProxy */;
			sourceTree = BUILT_PRODUCTS_DIR;
		};
		4FAADE8814BC5EBE00A8123E /* RenderTextureTest.app */ = {
			isa = PBXReferenceProxy;
			fileType = wrapper.application;
			path = RenderTextureTest.app;
			remoteRef = 4FAADE8714BC5EBE00A8123E /* PBXContainerItemProxy */;
			sourceTree = BUILT_PRODUCTS_DIR;
		};
		4FAADE8A14BC5EBE00A8123E /* RotateWorldTest.app */ = {
			isa = PBXReferenceProxy;
			fileType = wrapper.application;
			path = RotateWorldTest.app;
			remoteRef = 4FAADE8914BC5EBE00A8123E /* PBXContainerItemProxy */;
			sourceTree = BUILT_PRODUCTS_DIR;
		};
		4FAADE8C14BC5EBE00A8123E /* SceneTest.app */ = {
			isa = PBXReferenceProxy;
			fileType = wrapper.application;
			path = SceneTest.app;
			remoteRef = 4FAADE8B14BC5EBE00A8123E /* PBXContainerItemProxy */;
			sourceTree = BUILT_PRODUCTS_DIR;
		};
		4FAADE8E14BC5EBE00A8123E /* SchedulerTest.app */ = {
			isa = PBXReferenceProxy;
			fileType = wrapper.application;
			path = SchedulerTest.app;
			remoteRef = 4FAADE8D14BC5EBE00A8123E /* PBXContainerItemProxy */;
			sourceTree = BUILT_PRODUCTS_DIR;
		};
		4FAADE9014BC5EBE00A8123E /* ShaderTest.app */ = {
			isa = PBXReferenceProxy;
			fileType = wrapper.application;
			path = ShaderTest.app;
			remoteRef = 4FAADE8F14BC5EBE00A8123E /* PBXContainerItemProxy */;
			sourceTree = BUILT_PRODUCTS_DIR;
		};
		4FAADE9214BC5EBE00A8123E /* SpriteTest.app */ = {
			isa = PBXReferenceProxy;
			fileType = wrapper.application;
			path = SpriteTest.app;
			remoteRef = 4FAADE9114BC5EBE00A8123E /* PBXContainerItemProxy */;
			sourceTree = BUILT_PRODUCTS_DIR;
		};
		4FAADE9414BC5EBE00A8123E /* Texture2dTest.app */ = {
			isa = PBXReferenceProxy;
			fileType = wrapper.application;
			path = Texture2dTest.app;
			remoteRef = 4FAADE9314BC5EBE00A8123E /* PBXContainerItemProxy */;
			sourceTree = BUILT_PRODUCTS_DIR;
		};
		4FAADE9614BC5EBE00A8123E /* TileMapTest.app */ = {
			isa = PBXReferenceProxy;
			fileType = wrapper.application;
			path = TileMapTest.app;
			remoteRef = 4FAADE9514BC5EBE00A8123E /* PBXContainerItemProxy */;
			sourceTree = BUILT_PRODUCTS_DIR;
		};
		4FAADE9814BC5EBE00A8123E /* TouchesTest.app */ = {
			isa = PBXReferenceProxy;
			fileType = wrapper.application;
			path = TouchesTest.app;
			remoteRef = 4FAADE9714BC5EBE00A8123E /* PBXContainerItemProxy */;
			sourceTree = BUILT_PRODUCTS_DIR;
		};
		4FAADE9A14BC5EBE00A8123E /* TransitionsTest.app */ = {
			isa = PBXReferenceProxy;
			fileType = wrapper.application;
			path = TransitionsTest.app;
			remoteRef = 4FAADE9914BC5EBE00A8123E /* PBXContainerItemProxy */;
			sourceTree = BUILT_PRODUCTS_DIR;
		};
		4FAADE9C14BC5EBE00A8123E /* ZwoptexTest.app */ = {
			isa = PBXReferenceProxy;
			fileType = wrapper.application;
			path = ZwoptexTest.app;
			remoteRef = 4FAADE9B14BC5EBE00A8123E /* PBXContainerItemProxy */;
			sourceTree = BUILT_PRODUCTS_DIR;
		};
		4FAADE9E14BC5EBE00A8123E /* Bug350.app */ = {
			isa = PBXReferenceProxy;
			fileType = wrapper.application;
			path = Bug350.app;
			remoteRef = 4FAADE9D14BC5EBE00A8123E /* PBXContainerItemProxy */;
			sourceTree = BUILT_PRODUCTS_DIR;
		};
		4FAADEA014BC5EBE00A8123E /* Bug422.app */ = {
			isa = PBXReferenceProxy;
			fileType = wrapper.application;
			path = Bug422.app;
			remoteRef = 4FAADE9F14BC5EBE00A8123E /* PBXContainerItemProxy */;
			sourceTree = BUILT_PRODUCTS_DIR;
		};
		4FAADEA214BC5EBE00A8123E /* Bug458.app */ = {
			isa = PBXReferenceProxy;
			fileType = wrapper.application;
			path = Bug458.app;
			remoteRef = 4FAADEA114BC5EBE00A8123E /* PBXContainerItemProxy */;
			sourceTree = BUILT_PRODUCTS_DIR;
		};
		4FAADEA414BC5EBE00A8123E /* Bug624.app */ = {
			isa = PBXReferenceProxy;
			fileType = wrapper.application;
			path = Bug624.app;
			remoteRef = 4FAADEA314BC5EBE00A8123E /* PBXContainerItemProxy */;
			sourceTree = BUILT_PRODUCTS_DIR;
		};
		4FAADEA614BC5EBE00A8123E /* Bug886.app */ = {
			isa = PBXReferenceProxy;
			fileType = wrapper.application;
			path = Bug886.app;
			remoteRef = 4FAADEA514BC5EBE00A8123E /* PBXContainerItemProxy */;
			sourceTree = BUILT_PRODUCTS_DIR;
		};
		4FAADEA814BC5EBE00A8123E /* Bug899.app */ = {
			isa = PBXReferenceProxy;
			fileType = wrapper.application;
			path = Bug899.app;
			remoteRef = 4FAADEA714BC5EBE00A8123E /* PBXContainerItemProxy */;
			sourceTree = BUILT_PRODUCTS_DIR;
		};
		4FAADEAA14BC5EBE00A8123E /* Bug914.app */ = {
			isa = PBXReferenceProxy;
			fileType = wrapper.application;
			path = Bug914.app;
			remoteRef = 4FAADEA914BC5EBE00A8123E /* PBXContainerItemProxy */;
			sourceTree = BUILT_PRODUCTS_DIR;
		};
		4FAADEAC14BC5EBE00A8123E /* Bug1159.app */ = {
			isa = PBXReferenceProxy;
			fileType = wrapper.application;
			path = Bug1159.app;
			remoteRef = 4FAADEAB14BC5EBE00A8123E /* PBXContainerItemProxy */;
			sourceTree = BUILT_PRODUCTS_DIR;
		};
/* End PBXReferenceProxy section */

/* Begin PBXResourcesBuildPhase section */
		4FAADC1E14BC5E5A00A8123E /* Resources */ = {
			isa = PBXResourcesBuildPhase;
			buildActionMask = 2147483647;
			files = (
				97A658D314EB77D400575E9E /* PositionTextureColorAlphaTest.fsh in Resources */,
				4FAADC3B14BC5E5A00A8123E /* fps_images.png in Resources */,
				4FAADC4C14BC5E5A00A8123E /* iTunesArtwork in Resources */,
				4FAADC4F14BC5E5A00A8123E /* Blur.fsh in Resources */,
				4FAADC5114BC5E5A00A8123E /* Flower.fsh in Resources */,
				4FAADC5314BC5E5A00A8123E /* Flower.vsh in Resources */,
				4FAADC5514BC5E5A00A8123E /* Heart.fsh in Resources */,
				4FAADC5714BC5E5A00A8123E /* Heart.vsh in Resources */,
				4FAADC5914BC5E5A00A8123E /* Julia.fsh in Resources */,
				4FAADC5B14BC5E5A00A8123E /* Julia.vsh in Resources */,
				4FAADC5D14BC5E5A00A8123E /* Mandelbrot.fsh in Resources */,
				4FAADC5F14BC5E5A00A8123E /* Mandelbrot.vsh in Resources */,
				4FAADC6114BC5E5A00A8123E /* Monjori.fsh in Resources */,
				4FAADC6314BC5E5A00A8123E /* Monjori.vsh in Resources */,
				4FAADC6514BC5E5A00A8123E /* Plasma.fsh in Resources */,
				4FAADC6714BC5E5A00A8123E /* Plasma.vsh in Resources */,
				4FAADC6914BC5E5A00A8123E /* Position_uColor.fsh in Resources */,
				4FAADC6B14BC5E5A00A8123E /* Position_uColor.vsh in Resources */,
				4FAADC6D14BC5E5A00A8123E /* PositionColor.fsh in Resources */,
				4FAADC6F14BC5E5A00A8123E /* PositionColor.vsh in Resources */,
				4FAADC7114BC5E5A00A8123E /* PositionTexture.fsh in Resources */,
				4FAADC7314BC5E5A00A8123E /* PositionTexture.vsh in Resources */,
				4FAADC7514BC5E5A00A8123E /* PositionTexture_uColor.fsh in Resources */,
				4FAADC7714BC5E5A00A8123E /* PositionTexture_uColor.vsh in Resources */,
				4FAADC7914BC5E5A00A8123E /* PositionTextureA8Color.fsh in Resources */,
				4FAADC7B14BC5E5A00A8123E /* PositionTextureA8Color.vsh in Resources */,
				4FAADC7D14BC5E5A00A8123E /* PositionTextureColor.fsh in Resources */,
				4FAADC7F14BC5E5A00A8123E /* PositionTextureColor.vsh in Resources */,
				4FAADC8114BC5E5A00A8123E /* Twist.fsh in Resources */,
				4FAADC8314BC5E5A00A8123E /* Twist.vsh in Resources */,
				4FAADF2614BC657300A8123E /* dog_animation.plist in Resources */,
				4FAADF5814BC699600A8123E /* Default-Landscape.png in Resources */,
				4FAADF5914BC699600A8123E /* Default-LandscapeLeft.png in Resources */,
				4FAADF5A14BC699600A8123E /* Default-LandscapeRight.png in Resources */,
				4FAADF5B14BC699600A8123E /* Default-Portrait.png in Resources */,
				4FAADF5C14BC699600A8123E /* Default-PortraitUpsideDown.png in Resources */,
				4FAADF5D14BC699600A8123E /* Default.png in Resources */,
				4FAADF5E14BC699600A8123E /* Default@2x.png in Resources */,
				4FAADF6214BC699600A8123E /* firstlevel.tmx in Resources */,
				4FAADF6314BC699600A8123E /* Icon-72.png in Resources */,
				4FAADF6414BC699600A8123E /* Icon-Small-50.png in Resources */,
				4FAADF6514BC699600A8123E /* Icon-Small.png in Resources */,
				4FAADF6614BC699600A8123E /* Icon-Small@2x.png in Resources */,
				4FAADF6714BC699600A8123E /* icon.png in Resources */,
				4FAADF6814BC699600A8123E /* icon@2x.png in Resources */,
				4FAADF6914BC699600A8123E /* mapset3.png in Resources */,
				4FC1571C14D8206B009B27EC /* MainStoryboard.storyboard in Resources */,
				97D7BE6114BD69CD00934812 /* fps_images-hd.png in Resources */,
				4FA325EA14C113DB00A161CD /* scene1atlas.plist in Resources */,
				4FA325EB14C113DB00A161CD /* scene1atlas.pvr.ccz in Resources */,
				4FC1571714D81E5B009B27EC /* Localizable.strings in Resources */,
				4FC1572314D821D0009B27EC /* InfoPlist.strings in Resources */,
				4FF458DF14E2CFA000999B95 /* dg_iso32.png in Resources */,
				4FF458E014E2CFA000999B95 /* isometric-with-border.tmx in Resources */,
			);
			runOnlyForDeploymentPostprocessing = 0;
		};
/* End PBXResourcesBuildPhase section */

/* Begin PBXSourcesBuildPhase section */
		4FAADC1C14BC5E5A00A8123E /* Sources */ = {
			isa = PBXSourcesBuildPhase;
			buildActionMask = 2147483647;
			files = (
				4FAADDC214BC5E5D00A8123E /* main.m in Sources */,
				4FAADDC514BC5E5D00A8123E /* AppDelegate.m in Sources */,
				4FAADF7B14BC6CC700A8123E /* GameObject.m in Sources */,
				4FAADF7C14BC6CC700A8123E /* GameStaticObj.m in Sources */,
				4FAADF8214BC6D1200A8123E /* FiniteStateMachine.m in Sources */,
				4FAADF8314BC6D1200A8123E /* StateBase.m in Sources */,
				4FAADF8614BC6D9800A8123E /* GameScene.m in Sources */,
				4FAADF8914BC6DD800A8123E /* GameplayLayer.m in Sources */,
				4FAAE15114BDE11A00A8123E /* SpawnPoint.m in Sources */,
				4FA325E714C08AD700A161CD /* Categories.m in Sources */,
				4FF76CCB14DD61FA00AA530A /* UserInterfaceLayer.m in Sources */,
				4FF76CCE14DF53AB00AA530A /* Customer.m in Sources */,
				4FF76CD114DF544100AA530A /* Shelf.m in Sources */,
				4FF76CD414DF556A00AA530A /* GoodsComponent.m in Sources */,
				4FF458E314E2D2D600999B95 /* LoadScene.m in Sources */,
				971A00A214ECB46F00155F35 /* MovementComponent.m in Sources */,
			);
			runOnlyForDeploymentPostprocessing = 0;
		};
/* End PBXSourcesBuildPhase section */

/* Begin PBXTargetDependency section */
		4FAADEAE14BC5F8500A8123E /* PBXTargetDependency */ = {
			isa = PBXTargetDependency;
			name = cocos2d;
			targetProxy = 4FAADEAD14BC5F8500A8123E /* PBXContainerItemProxy */;
		};
		4FAADEB014BC5F8500A8123E /* PBXTargetDependency */ = {
			isa = PBXTargetDependency;
			name = kazmath;
			targetProxy = 4FAADEAF14BC5F8500A8123E /* PBXContainerItemProxy */;
		};
		4FAAE07414BDC52200A8123E /* PBXTargetDependency */ = {
			isa = PBXTargetDependency;
			target = 4FAAE06F14BDC46100A8123E /* TexturePacker */;
			targetProxy = 4FAAE07314BDC52200A8123E /* PBXContainerItemProxy */;
		};
/* End PBXTargetDependency section */

/* Begin PBXVariantGroup section */
		4FC1571914D81E5B009B27EC /* Localizable.strings */ = {
			isa = PBXVariantGroup;
			children = (
				4FC1571814D81E5B009B27EC /* en */,
				4FC1571A14D81E6B009B27EC /* zh-Hans */,
			);
			name = Localizable.strings;
			path = Resources;
			sourceTree = "<group>";
		};
		4FC1571E14D8206B009B27EC /* MainStoryboard.storyboard */ = {
			isa = PBXVariantGroup;
			children = (
				4FC1571D14D8206B009B27EC /* en */,
				4FC1572014D820E2009B27EC /* zh-Hans */,
			);
			name = MainStoryboard.storyboard;
			sourceTree = "<group>";
		};
		4FC1572514D821D0009B27EC /* InfoPlist.strings */ = {
			isa = PBXVariantGroup;
			children = (
				4FC1572414D821D0009B27EC /* en */,
				4FC1572614D821D7009B27EC /* zh-Hans */,
			);
			name = InfoPlist.strings;
			sourceTree = "<group>";
		};
/* End PBXVariantGroup section */

/* Begin XCBuildConfiguration section */
		4FAADDC914BC5E5D00A8123E /* Debug */ = {
			isa = XCBuildConfiguration;
			buildSettings = {
				ARCHS = "$(ARCHS_STANDARD_32_BIT)";
				"CODE_SIGN_IDENTITY[sdk=iphoneos*]" = "iPhone Developer";
				GCC_C_LANGUAGE_STANDARD = gnu99;
				GCC_OPTIMIZATION_LEVEL = 0;
				GCC_PREPROCESSOR_DEFINITIONS = (
					DEBUG,
					"COCOS2D_DEBUG=1",
				);
				GCC_SYMBOLS_PRIVATE_EXTERN = NO;
				GCC_VERSION = com.apple.compilers.llvm.clang.1_0;
				GCC_WARN_ABOUT_RETURN_TYPE = YES;
				GCC_WARN_UNUSED_VARIABLE = YES;
				IPHONEOS_DEPLOYMENT_TARGET = 4.0;
				SDKROOT = iphoneos;
				TARGETED_DEVICE_FAMILY = 1;
			};
			name = Debug;
		};
		4FAADDCA14BC5E5D00A8123E /* Release */ = {
			isa = XCBuildConfiguration;
			buildSettings = {
				ARCHS = "$(ARCHS_STANDARD_32_BIT)";
				"CODE_SIGN_IDENTITY[sdk=iphoneos*]" = "iPhone Developer";
				GCC_C_LANGUAGE_STANDARD = gnu99;
				GCC_PREPROCESSOR_DEFINITIONS = (
					NDEBUG,
					"NS_BLOCK_ASSERTIONS=1",
				);
				GCC_VERSION = com.apple.compilers.llvm.clang.1_0;
				GCC_WARN_ABOUT_RETURN_TYPE = YES;
				GCC_WARN_UNUSED_VARIABLE = YES;
				IPHONEOS_DEPLOYMENT_TARGET = 4.0;
				SDKROOT = iphoneos;
				TARGETED_DEVICE_FAMILY = 1;
			};
			name = Release;
		};
		4FAADDCC14BC5E5D00A8123E /* Debug */ = {
			isa = XCBuildConfiguration;
			buildSettings = {
				ALWAYS_SEARCH_USER_PATHS = YES;
				CLANG_ENABLE_OBJC_ARC = YES;
				COPY_PHASE_STRIP = NO;
				GCC_DYNAMIC_NO_PIC = NO;
				GCC_PRECOMPILE_PREFIX_HEADER = YES;
				GCC_PREFIX_HEADER = "CVS-Tycoon/Prefix.pch";
				GCC_WARN_UNDECLARED_SELECTOR = YES;
				HEADER_SEARCH_PATHS = "cocos2d/**";
				INFOPLIST_FILE = "CVS-Tycoon/Resources/Info.plist";
				IPHONEOS_DEPLOYMENT_TARGET = 5.0;
				OTHER_LDFLAGS = "-lz";
				PRODUCT_NAME = "$(TARGET_NAME)";
				WRAPPER_EXTENSION = app;
			};
			name = Debug;
		};
		4FAADDCD14BC5E5D00A8123E /* Release */ = {
			isa = XCBuildConfiguration;
			buildSettings = {
				ALWAYS_SEARCH_USER_PATHS = YES;
				CLANG_ENABLE_OBJC_ARC = YES;
				COPY_PHASE_STRIP = YES;
				GCC_PRECOMPILE_PREFIX_HEADER = YES;
				GCC_PREFIX_HEADER = "CVS-Tycoon/Prefix.pch";
				GCC_WARN_UNDECLARED_SELECTOR = YES;
				HEADER_SEARCH_PATHS = "cocos2d/**";
				INFOPLIST_FILE = "CVS-Tycoon/Resources/Info.plist";
				IPHONEOS_DEPLOYMENT_TARGET = 5.0;
				OTHER_LDFLAGS = "-lz";
				PRODUCT_NAME = "$(TARGET_NAME)";
				VALIDATE_PRODUCT = YES;
				WRAPPER_EXTENSION = app;
			};
			name = Release;
		};
		4FAAE07114BDC46100A8123E /* Debug */ = {
			isa = XCBuildConfiguration;
			buildSettings = {
			};
			name = Debug;
		};
		4FAAE07214BDC46100A8123E /* Release */ = {
			isa = XCBuildConfiguration;
			buildSettings = {
			};
			name = Release;
		};
/* End XCBuildConfiguration section */

/* Begin XCConfigurationList section */
		4FAADC1A14BC5E5A00A8123E /* Build configuration list for PBXProject "CVS-Tycoon" */ = {
			isa = XCConfigurationList;
			buildConfigurations = (
				4FAADDC914BC5E5D00A8123E /* Debug */,
				4FAADDCA14BC5E5D00A8123E /* Release */,
			);
			defaultConfigurationIsVisible = 0;
			defaultConfigurationName = Release;
		};
		4FAADDCB14BC5E5D00A8123E /* Build configuration list for PBXNativeTarget "CVS-Tycoon" */ = {
			isa = XCConfigurationList;
			buildConfigurations = (
				4FAADDCC14BC5E5D00A8123E /* Debug */,
				4FAADDCD14BC5E5D00A8123E /* Release */,
			);
			defaultConfigurationIsVisible = 0;
			defaultConfigurationName = Release;
		};
		4FAAE07014BDC46100A8123E /* Build configuration list for PBXLegacyTarget "TexturePacker" */ = {
			isa = XCConfigurationList;
			buildConfigurations = (
				4FAAE07114BDC46100A8123E /* Debug */,
				4FAAE07214BDC46100A8123E /* Release */,
			);
			defaultConfigurationIsVisible = 0;
			defaultConfigurationName = Release;
		};
/* End XCConfigurationList section */
	};
	rootObject = 4FAADC1714BC5E5A00A8123E /* Project object */;
}
